// !$*UTF8*$!
{
	archiveVersion = 1;
	classes = {
	};
	objectVersion = 50;
	objects = {

/* Begin PBXBuildFile section */
		126BE6A9C0113BA6E9A67B6E /* Pods_AppFilmes_AppFilmesUITests.framework in Frameworks */ = {isa = PBXBuildFile; fileRef = 2E226FB91465006800D968B2 /* Pods_AppFilmes_AppFilmesUITests.framework */; };
		3A3684BD0677DACA4C271B14 /* Pods_AppFilmesTests.framework in Frameworks */ = {isa = PBXBuildFile; fileRef = DF80CC2B6BF82EC9624ABF8E /* Pods_AppFilmesTests.framework */; };
		93C1F59E260E62CE006E1D54 /* AppDelegate.swift in Sources */ = {isa = PBXBuildFile; fileRef = 93C1F59D260E62CE006E1D54 /* AppDelegate.swift */; };
		93C1F5A0260E62CE006E1D54 /* ViewController.swift in Sources */ = {isa = PBXBuildFile; fileRef = 93C1F59F260E62CE006E1D54 /* ViewController.swift */; };
		93C1F5A3260E62CE006E1D54 /* Main.storyboard in Resources */ = {isa = PBXBuildFile; fileRef = 93C1F5A1260E62CE006E1D54 /* Main.storyboard */; };
		93C1F5A6260E62CE006E1D54 /* AppFilmes.xcdatamodeld in Sources */ = {isa = PBXBuildFile; fileRef = 93C1F5A4260E62CE006E1D54 /* AppFilmes.xcdatamodeld */; };
		93C1F5A8260E62D0006E1D54 /* Assets.xcassets in Resources */ = {isa = PBXBuildFile; fileRef = 93C1F5A7260E62D0006E1D54 /* Assets.xcassets */; };
		93C1F5AB260E62D0006E1D54 /* LaunchScreen.storyboard in Resources */ = {isa = PBXBuildFile; fileRef = 93C1F5A9260E62D0006E1D54 /* LaunchScreen.storyboard */; };
		93C1F5B6260E62D1006E1D54 /* AppFilmesTests.swift in Sources */ = {isa = PBXBuildFile; fileRef = 93C1F5B5260E62D1006E1D54 /* AppFilmesTests.swift */; };
		93C1F5C1260E62D1006E1D54 /* AppFilmesUITests.swift in Sources */ = {isa = PBXBuildFile; fileRef = 93C1F5C0260E62D1006E1D54 /* AppFilmesUITests.swift */; };
		9E2D9229A869D01BCF886079 /* Pods_AppFilmes.framework in Frameworks */ = {isa = PBXBuildFile; fileRef = D562E2B0B53886ED2C0E254E /* Pods_AppFilmes.framework */; };
/* End PBXBuildFile section */

/* Begin PBXContainerItemProxy section */
		93C1F5B2260E62D1006E1D54 /* PBXContainerItemProxy */ = {
			isa = PBXContainerItemProxy;
			containerPortal = 93C1F592260E62CE006E1D54 /* Project object */;
			proxyType = 1;
			remoteGlobalIDString = 93C1F599260E62CE006E1D54;
			remoteInfo = AppFilmes;
		};
		93C1F5BD260E62D1006E1D54 /* PBXContainerItemProxy */ = {
			isa = PBXContainerItemProxy;
			containerPortal = 93C1F592260E62CE006E1D54 /* Project object */;
			proxyType = 1;
			remoteGlobalIDString = 93C1F599260E62CE006E1D54;
			remoteInfo = AppFilmes;
		};
/* End PBXContainerItemProxy section */

/* Begin PBXFileReference section */
		2E226FB91465006800D968B2 /* Pods_AppFilmes_AppFilmesUITests.framework */ = {isa = PBXFileReference; explicitFileType = wrapper.framework; includeInIndex = 0; path = Pods_AppFilmes_AppFilmesUITests.framework; sourceTree = BUILT_PRODUCTS_DIR; };
		53B848914FFD12D2C77810B5 /* Pods-AppFilmes.release.xcconfig */ = {isa = PBXFileReference; includeInIndex = 1; lastKnownFileType = text.xcconfig; name = "Pods-AppFilmes.release.xcconfig"; path = "Target Support Files/Pods-AppFilmes/Pods-AppFilmes.release.xcconfig"; sourceTree = "<group>"; };
		600172C6C644CE724CDDC624 /* Pods-AppFilmes-AppFilmesUITests.debug.xcconfig */ = {isa = PBXFileReference; includeInIndex = 1; lastKnownFileType = text.xcconfig; name = "Pods-AppFilmes-AppFilmesUITests.debug.xcconfig"; path = "Target Support Files/Pods-AppFilmes-AppFilmesUITests/Pods-AppFilmes-AppFilmesUITests.debug.xcconfig"; sourceTree = "<group>"; };
		77DA589EE77F63832B509FA9 /* Pods-AppFilmes.debug.xcconfig */ = {isa = PBXFileReference; includeInIndex = 1; lastKnownFileType = text.xcconfig; name = "Pods-AppFilmes.debug.xcconfig"; path = "Target Support Files/Pods-AppFilmes/Pods-AppFilmes.debug.xcconfig"; sourceTree = "<group>"; };
		7CB59CC512B3F72FF80C870C /* Pods-AppFilmesTests.debug.xcconfig */ = {isa = PBXFileReference; includeInIndex = 1; lastKnownFileType = text.xcconfig; name = "Pods-AppFilmesTests.debug.xcconfig"; path = "Target Support Files/Pods-AppFilmesTests/Pods-AppFilmesTests.debug.xcconfig"; sourceTree = "<group>"; };
		93C1F59A260E62CE006E1D54 /* AppFilmes.app */ = {isa = PBXFileReference; explicitFileType = wrapper.application; includeInIndex = 0; path = AppFilmes.app; sourceTree = BUILT_PRODUCTS_DIR; };
		93C1F59D260E62CE006E1D54 /* AppDelegate.swift */ = {isa = PBXFileReference; lastKnownFileType = sourcecode.swift; path = AppDelegate.swift; sourceTree = "<group>"; };
		93C1F59F260E62CE006E1D54 /* ViewController.swift */ = {isa = PBXFileReference; lastKnownFileType = sourcecode.swift; path = ViewController.swift; sourceTree = "<group>"; };
		93C1F5A2260E62CE006E1D54 /* Base */ = {isa = PBXFileReference; lastKnownFileType = file.storyboard; name = Base; path = Base.lproj/Main.storyboard; sourceTree = "<group>"; };
		93C1F5A5260E62CE006E1D54 /* AppFilmes.xcdatamodel */ = {isa = PBXFileReference; lastKnownFileType = wrapper.xcdatamodel; path = AppFilmes.xcdatamodel; sourceTree = "<group>"; };
		93C1F5A7260E62D0006E1D54 /* Assets.xcassets */ = {isa = PBXFileReference; lastKnownFileType = folder.assetcatalog; path = Assets.xcassets; sourceTree = "<group>"; };
		93C1F5AA260E62D0006E1D54 /* Base */ = {isa = PBXFileReference; lastKnownFileType = file.storyboard; name = Base; path = Base.lproj/LaunchScreen.storyboard; sourceTree = "<group>"; };
		93C1F5AC260E62D0006E1D54 /* Info.plist */ = {isa = PBXFileReference; lastKnownFileType = text.plist.xml; path = Info.plist; sourceTree = "<group>"; };
		93C1F5B1260E62D1006E1D54 /* AppFilmesTests.xctest */ = {isa = PBXFileReference; explicitFileType = wrapper.cfbundle; includeInIndex = 0; path = AppFilmesTests.xctest; sourceTree = BUILT_PRODUCTS_DIR; };
		93C1F5B5260E62D1006E1D54 /* AppFilmesTests.swift */ = {isa = PBXFileReference; lastKnownFileType = sourcecode.swift; path = AppFilmesTests.swift; sourceTree = "<group>"; };
		93C1F5B7260E62D1006E1D54 /* Info.plist */ = {isa = PBXFileReference; lastKnownFileType = text.plist.xml; path = Info.plist; sourceTree = "<group>"; };
		93C1F5BC260E62D1006E1D54 /* AppFilmesUITests.xctest */ = {isa = PBXFileReference; explicitFileType = wrapper.cfbundle; includeInIndex = 0; path = AppFilmesUITests.xctest; sourceTree = BUILT_PRODUCTS_DIR; };
		93C1F5C0260E62D1006E1D54 /* AppFilmesUITests.swift */ = {isa = PBXFileReference; lastKnownFileType = sourcecode.swift; path = AppFilmesUITests.swift; sourceTree = "<group>"; };
		93C1F5C2260E62D1006E1D54 /* Info.plist */ = {isa = PBXFileReference; lastKnownFileType = text.plist.xml; path = Info.plist; sourceTree = "<group>"; };
		ADAC8E7C2BEEE5FF0CE6F119 /* Pods-AppFilmes-AppFilmesUITests.release.xcconfig */ = {isa = PBXFileReference; includeInIndex = 1; lastKnownFileType = text.xcconfig; name = "Pods-AppFilmes-AppFilmesUITests.release.xcconfig"; path = "Target Support Files/Pods-AppFilmes-AppFilmesUITests/Pods-AppFilmes-AppFilmesUITests.release.xcconfig"; sourceTree = "<group>"; };
		D39CB02DD197465BEED84417 /* Pods-AppFilmesTests.release.xcconfig */ = {isa = PBXFileReference; includeInIndex = 1; lastKnownFileType = text.xcconfig; name = "Pods-AppFilmesTests.release.xcconfig"; path = "Target Support Files/Pods-AppFilmesTests/Pods-AppFilmesTests.release.xcconfig"; sourceTree = "<group>"; };
		D562E2B0B53886ED2C0E254E /* Pods_AppFilmes.framework */ = {isa = PBXFileReference; explicitFileType = wrapper.framework; includeInIndex = 0; path = Pods_AppFilmes.framework; sourceTree = BUILT_PRODUCTS_DIR; };
		DF80CC2B6BF82EC9624ABF8E /* Pods_AppFilmesTests.framework */ = {isa = PBXFileReference; explicitFileType = wrapper.framework; includeInIndex = 0; path = Pods_AppFilmesTests.framework; sourceTree = BUILT_PRODUCTS_DIR; };
/* End PBXFileReference section */

/* Begin PBXFrameworksBuildPhase section */
		93C1F597260E62CE006E1D54 /* Frameworks */ = {
			isa = PBXFrameworksBuildPhase;
			buildActionMask = 2147483647;
			files = (
				9E2D9229A869D01BCF886079 /* Pods_AppFilmes.framework in Frameworks */,
			);
			runOnlyForDeploymentPostprocessing = 0;
		};
		93C1F5AE260E62D1006E1D54 /* Frameworks */ = {
			isa = PBXFrameworksBuildPhase;
			buildActionMask = 2147483647;
			files = (
				3A3684BD0677DACA4C271B14 /* Pods_AppFilmesTests.framework in Frameworks */,
			);
			runOnlyForDeploymentPostprocessing = 0;
		};
		93C1F5B9260E62D1006E1D54 /* Frameworks */ = {
			isa = PBXFrameworksBuildPhase;
			buildActionMask = 2147483647;
			files = (
				126BE6A9C0113BA6E9A67B6E /* Pods_AppFilmes_AppFilmesUITests.framework in Frameworks */,
			);
			runOnlyForDeploymentPostprocessing = 0;
		};
/* End PBXFrameworksBuildPhase section */

/* Begin PBXGroup section */
		218ACFE00E8E92A18405975C /* Frameworks */ = {
			isa = PBXGroup;
			children = (
				D562E2B0B53886ED2C0E254E /* Pods_AppFilmes.framework */,
				2E226FB91465006800D968B2 /* Pods_AppFilmes_AppFilmesUITests.framework */,
				DF80CC2B6BF82EC9624ABF8E /* Pods_AppFilmesTests.framework */,
			);
			name = Frameworks;
			sourceTree = "<group>";
		};
		93C1F591260E62CE006E1D54 = {
			isa = PBXGroup;
			children = (
				93C1F59C260E62CE006E1D54 /* AppFilmes */,
				93C1F5B4260E62D1006E1D54 /* AppFilmesTests */,
				93C1F5BF260E62D1006E1D54 /* AppFilmesUITests */,
				93C1F59B260E62CE006E1D54 /* Products */,
				FD5B36092B63EBE06DB73FD6 /* Pods */,
				218ACFE00E8E92A18405975C /* Frameworks */,
			);
			sourceTree = "<group>";
		};
		93C1F59B260E62CE006E1D54 /* Products */ = {
			isa = PBXGroup;
			children = (
				93C1F59A260E62CE006E1D54 /* AppFilmes.app */,
				93C1F5B1260E62D1006E1D54 /* AppFilmesTests.xctest */,
				93C1F5BC260E62D1006E1D54 /* AppFilmesUITests.xctest */,
			);
			name = Products;
			sourceTree = "<group>";
		};
		93C1F59C260E62CE006E1D54 /* AppFilmes */ = {
			isa = PBXGroup;
			children = (
				93C1F5CF260E6A0C006E1D54 /* Model */,
				93C1F5D0260E6A1F006E1D54 /* View */,
				93C1F5D1260E6A2F006E1D54 /* Controller */,
				93C1F59D260E62CE006E1D54 /* AppDelegate.swift */,
				93C1F59F260E62CE006E1D54 /* ViewController.swift */,
				93C1F5A1260E62CE006E1D54 /* Main.storyboard */,
				93C1F5A7260E62D0006E1D54 /* Assets.xcassets */,
				93C1F5A9260E62D0006E1D54 /* LaunchScreen.storyboard */,
				93C1F5AC260E62D0006E1D54 /* Info.plist */,
				93C1F5A4260E62CE006E1D54 /* AppFilmes.xcdatamodeld */,
			);
			path = AppFilmes;
			sourceTree = "<group>";
		};
		93C1F5B4260E62D1006E1D54 /* AppFilmesTests */ = {
			isa = PBXGroup;
			children = (
				93C1F5B5260E62D1006E1D54 /* AppFilmesTests.swift */,
				93C1F5B7260E62D1006E1D54 /* Info.plist */,
			);
			path = AppFilmesTests;
			sourceTree = "<group>";
		};
		93C1F5BF260E62D1006E1D54 /* AppFilmesUITests */ = {
			isa = PBXGroup;
			children = (
				93C1F5C0260E62D1006E1D54 /* AppFilmesUITests.swift */,
				93C1F5C2260E62D1006E1D54 /* Info.plist */,
			);
			path = AppFilmesUITests;
			sourceTree = "<group>";
		};
		93C1F5CF260E6A0C006E1D54 /* Model */ = {
			isa = PBXGroup;
			children = (
			);
			path = Model;
			sourceTree = "<group>";
		};
		93C1F5D0260E6A1F006E1D54 /* View */ = {
			isa = PBXGroup;
			children = (
			);
			path = View;
			sourceTree = "<group>";
		};
		93C1F5D1260E6A2F006E1D54 /* Controller */ = {
			isa = PBXGroup;
			children = (
			);
			path = Controller;
			sourceTree = "<group>";
		};
		FD5B36092B63EBE06DB73FD6 /* Pods */ = {
			isa = PBXGroup;
			children = (
				77DA589EE77F63832B509FA9 /* Pods-AppFilmes.debug.xcconfig */,
				53B848914FFD12D2C77810B5 /* Pods-AppFilmes.release.xcconfig */,
				600172C6C644CE724CDDC624 /* Pods-AppFilmes-AppFilmesUITests.debug.xcconfig */,
				ADAC8E7C2BEEE5FF0CE6F119 /* Pods-AppFilmes-AppFilmesUITests.release.xcconfig */,
				7CB59CC512B3F72FF80C870C /* Pods-AppFilmesTests.debug.xcconfig */,
				D39CB02DD197465BEED84417 /* Pods-AppFilmesTests.release.xcconfig */,
			);
			name = Pods;
			path = Pods;
			sourceTree = "<group>";
		};
/* End PBXGroup section */

/* Begin PBXNativeTarget section */
		93C1F599260E62CE006E1D54 /* AppFilmes */ = {
			isa = PBXNativeTarget;
			buildConfigurationList = 93C1F5C5260E62D1006E1D54 /* Build configuration list for PBXNativeTarget "AppFilmes" */;
			buildPhases = (
				D7F8C54A240A4331EBC521CA /* [CP] Check Pods Manifest.lock */,
				93C1F596260E62CE006E1D54 /* Sources */,
				93C1F597260E62CE006E1D54 /* Frameworks */,
				93C1F598260E62CE006E1D54 /* Resources */,
				5149C6BD9463E35F5BC43891 /* [CP] Embed Pods Frameworks */,
			);
			buildRules = (
			);
			dependencies = (
			);
			name = AppFilmes;
			productName = AppFilmes;
			productReference = 93C1F59A260E62CE006E1D54 /* AppFilmes.app */;
			productType = "com.apple.product-type.application";
		};
		93C1F5B0260E62D1006E1D54 /* AppFilmesTests */ = {
			isa = PBXNativeTarget;
			buildConfigurationList = 93C1F5C8260E62D1006E1D54 /* Build configuration list for PBXNativeTarget "AppFilmesTests" */;
			buildPhases = (
				454759472C4CEE509FA32F43 /* [CP] Check Pods Manifest.lock */,
				93C1F5AD260E62D1006E1D54 /* Sources */,
				93C1F5AE260E62D1006E1D54 /* Frameworks */,
				93C1F5AF260E62D1006E1D54 /* Resources */,
			);
			buildRules = (
			);
			dependencies = (
				93C1F5B3260E62D1006E1D54 /* PBXTargetDependency */,
			);
			name = AppFilmesTests;
			productName = AppFilmesTests;
			productReference = 93C1F5B1260E62D1006E1D54 /* AppFilmesTests.xctest */;
			productType = "com.apple.product-type.bundle.unit-test";
		};
		93C1F5BB260E62D1006E1D54 /* AppFilmesUITests */ = {
			isa = PBXNativeTarget;
			buildConfigurationList = 93C1F5CB260E62D1006E1D54 /* Build configuration list for PBXNativeTarget "AppFilmesUITests" */;
			buildPhases = (
				51FF54BD2D69E951117AF6F4 /* [CP] Check Pods Manifest.lock */,
				93C1F5B8260E62D1006E1D54 /* Sources */,
				93C1F5B9260E62D1006E1D54 /* Frameworks */,
				93C1F5BA260E62D1006E1D54 /* Resources */,
				539DC3D09148CAE0D19DD5C8 /* [CP] Embed Pods Frameworks */,
			);
			buildRules = (
			);
			dependencies = (
				93C1F5BE260E62D1006E1D54 /* PBXTargetDependency */,
			);
			name = AppFilmesUITests;
			productName = AppFilmesUITests;
			productReference = 93C1F5BC260E62D1006E1D54 /* AppFilmesUITests.xctest */;
			productType = "com.apple.product-type.bundle.ui-testing";
		};
/* End PBXNativeTarget section */

/* Begin PBXProject section */
		93C1F592260E62CE006E1D54 /* Project object */ = {
			isa = PBXProject;
			attributes = {
				LastSwiftUpdateCheck = 1010;
				LastUpgradeCheck = 1010;
				ORGANIZATIONNAME = "Tabata Sabrina Sutili";
				TargetAttributes = {
					93C1F599260E62CE006E1D54 = {
						CreatedOnToolsVersion = 10.1;
					};
					93C1F5B0260E62D1006E1D54 = {
						CreatedOnToolsVersion = 10.1;
						TestTargetID = 93C1F599260E62CE006E1D54;
					};
					93C1F5BB260E62D1006E1D54 = {
						CreatedOnToolsVersion = 10.1;
						TestTargetID = 93C1F599260E62CE006E1D54;
					};
				};
			};
			buildConfigurationList = 93C1F595260E62CE006E1D54 /* Build configuration list for PBXProject "AppFilmes" */;
			compatibilityVersion = "Xcode 9.3";
			developmentRegion = en;
			hasScannedForEncodings = 0;
			knownRegions = (
				en,
				Base,
			);
			mainGroup = 93C1F591260E62CE006E1D54;
			productRefGroup = 93C1F59B260E62CE006E1D54 /* Products */;
			projectDirPath = "";
			projectRoot = "";
			targets = (
				93C1F599260E62CE006E1D54 /* AppFilmes */,
				93C1F5B0260E62D1006E1D54 /* AppFilmesTests */,
				93C1F5BB260E62D1006E1D54 /* AppFilmesUITests */,
			);
		};
/* End PBXProject section */

/* Begin PBXResourcesBuildPhase section */
		93C1F598260E62CE006E1D54 /* Resources */ = {
			isa = PBXResourcesBuildPhase;
			buildActionMask = 2147483647;
			files = (
				93C1F5AB260E62D0006E1D54 /* LaunchScreen.storyboard in Resources */,
				93C1F5A8260E62D0006E1D54 /* Assets.xcassets in Resources */,
				93C1F5A3260E62CE006E1D54 /* Main.storyboard in Resources */,
			);
			runOnlyForDeploymentPostprocessing = 0;
		};
		93C1F5AF260E62D1006E1D54 /* Resources */ = {
			isa = PBXResourcesBuildPhase;
			buildActionMask = 2147483647;
			files = (
			);
			runOnlyForDeploymentPostprocessing = 0;
		};
		93C1F5BA260E62D1006E1D54 /* Resources */ = {
			isa = PBXResourcesBuildPhase;
			buildActionMask = 2147483647;
			files = (
			);
			runOnlyForDeploymentPostprocessing = 0;
		};
/* End PBXResourcesBuildPhase section */

/* Begin PBXShellScriptBuildPhase section */
		454759472C4CEE509FA32F43 /* [CP] Check Pods Manifest.lock */ = {
			isa = PBXShellScriptBuildPhase;
			buildActionMask = 2147483647;
			files = (
			);
			inputFileListPaths = (
			);
			inputPaths = (
				"${PODS_PODFILE_DIR_PATH}/Podfile.lock",
				"${PODS_ROOT}/Manifest.lock",
			);
			name = "[CP] Check Pods Manifest.lock";
			outputFileListPaths = (
			);
			outputPaths = (
				"$(DERIVED_FILE_DIR)/Pods-AppFilmesTests-checkManifestLockResult.txt",
			);
			runOnlyForDeploymentPostprocessing = 0;
			shellPath = /bin/sh;
			shellScript = "diff \"${PODS_PODFILE_DIR_PATH}/Podfile.lock\" \"${PODS_ROOT}/Manifest.lock\" > /dev/null\nif [ $? != 0 ] ; then\n    # print error to STDERR\n    echo \"error: The sandbox is not in sync with the Podfile.lock. Run 'pod install' or update your CocoaPods installation.\" >&2\n    exit 1\nfi\n# This output is used by Xcode 'outputs' to avoid re-running this script phase.\necho \"SUCCESS\" > \"${SCRIPT_OUTPUT_FILE_0}\"\n";
			showEnvVarsInLog = 0;
		};
		5149C6BD9463E35F5BC43891 /* [CP] Embed Pods Frameworks */ = {
			isa = PBXShellScriptBuildPhase;
			buildActionMask = 2147483647;
			files = (
			);
			inputFileListPaths = (
				"${PODS_ROOT}/Target Support Files/Pods-AppFilmes/Pods-AppFilmes-frameworks-${CONFIGURATION}-input-files.xcfilelist",
			);
			name = "[CP] Embed Pods Frameworks";
			outputFileListPaths = (
				"${PODS_ROOT}/Target Support Files/Pods-AppFilmes/Pods-AppFilmes-frameworks-${CONFIGURATION}-output-files.xcfilelist",
			);
			runOnlyForDeploymentPostprocessing = 0;
			shellPath = /bin/sh;
			shellScript = "\"${PODS_ROOT}/Target Support Files/Pods-AppFilmes/Pods-AppFilmes-frameworks.sh\"\n";
			showEnvVarsInLog = 0;
		};
		51FF54BD2D69E951117AF6F4 /* [CP] Check Pods Manifest.lock */ = {
			isa = PBXShellScriptBuildPhase;
			buildActionMask = 2147483647;
			files = (
			);
			inputFileListPaths = (
			);
			inputPaths = (
				"${PODS_PODFILE_DIR_PATH}/Podfile.lock",
				"${PODS_ROOT}/Manifest.lock",
			);
			name = "[CP] Check Pods Manifest.lock";
			outputFileListPaths = (
			);
			outputPaths = (
				"$(DERIVED_FILE_DIR)/Pods-AppFilmes-AppFilmesUITests-checkManifestLockResult.txt",
			);
			runOnlyForDeploymentPostprocessing = 0;
			shellPath = /bin/sh;
			shellScript = "diff \"${PODS_PODFILE_DIR_PATH}/Podfile.lock\" \"${PODS_ROOT}/Manifest.lock\" > /dev/null\nif [ $? != 0 ] ; then\n    # print error to STDERR\n    echo \"error: The sandbox is not in sync with the Podfile.lock. Run 'pod install' or update your CocoaPods installation.\" >&2\n    exit 1\nfi\n# This output is used by Xcode 'outputs' to avoid re-running this script phase.\necho \"SUCCESS\" > \"${SCRIPT_OUTPUT_FILE_0}\"\n";
			showEnvVarsInLog = 0;
		};
		539DC3D09148CAE0D19DD5C8 /* [CP] Embed Pods Frameworks */ = {
			isa = PBXShellScriptBuildPhase;
			buildActionMask = 2147483647;
			files = (
			);
			inputFileListPaths = (
				"${PODS_ROOT}/Target Support Files/Pods-AppFilmes-AppFilmesUITests/Pods-AppFilmes-AppFilmesUITests-frameworks-${CONFIGURATION}-input-files.xcfilelist",
			);
			name = "[CP] Embed Pods Frameworks";
			outputFileListPaths = (
				"${PODS_ROOT}/Target Support Files/Pods-AppFilmes-AppFilmesUITests/Pods-AppFilmes-AppFilmesUITests-frameworks-${CONFIGURATION}-output-files.xcfilelist",
			);
			runOnlyForDeploymentPostprocessing = 0;
			shellPath = /bin/sh;
			shellScript = "\"${PODS_ROOT}/Target Support Files/Pods-AppFilmes-AppFilmesUITests/Pods-AppFilmes-AppFilmesUITests-frameworks.sh\"\n";
			showEnvVarsInLog = 0;
		};
		D7F8C54A240A4331EBC521CA /* [CP] Check Pods Manifest.lock */ = {
			isa = PBXShellScriptBuildPhase;
			buildActionMask = 2147483647;
			files = (
			);
			inputFileListPaths = (
			);
			inputPaths = (
				"${PODS_PODFILE_DIR_PATH}/Podfile.lock",
				"${PODS_ROOT}/Manifest.lock",
			);
			name = "[CP] Check Pods Manifest.lock";
			outputFileListPaths = (
			);
			outputPaths = (
				"$(DERIVED_FILE_DIR)/Pods-AppFilmes-checkManifestLockResult.txt",
			);
			runOnlyForDeploymentPostprocessing = 0;
			shellPath = /bin/sh;
			shellScript = "diff \"${PODS_PODFILE_DIR_PATH}/Podfile.lock\" \"${PODS_ROOT}/Manifest.lock\" > /dev/null\nif [ $? != 0 ] ; then\n    # print error to STDERR\n    echo \"error: The sandbox is not in sync with the Podfile.lock. Run 'pod install' or update your CocoaPods installation.\" >&2\n    exit 1\nfi\n# This output is used by Xcode 'outputs' to avoid re-running this script phase.\necho \"SUCCESS\" > \"${SCRIPT_OUTPUT_FILE_0}\"\n";
			showEnvVarsInLog = 0;
		};
/* End PBXShellScriptBuildPhase section */

/* Begin PBXSourcesBuildPhase section */
		93C1F596260E62CE006E1D54 /* Sources */ = {
			isa = PBXSourcesBuildPhase;
			buildActionMask = 2147483647;
			files = (
				93C1F5A0260E62CE006E1D54 /* ViewController.swift in Sources */,
				93C1F5A6260E62CE006E1D54 /* AppFilmes.xcdatamodeld in Sources */,
				93C1F59E260E62CE006E1D54 /* AppDelegate.swift in Sources */,
			);
			runOnlyForDeploymentPostprocessing = 0;
		};
		93C1F5AD260E62D1006E1D54 /* Sources */ = {
			isa = PBXSourcesBuildPhase;
			buildActionMask = 2147483647;
			files = (
				93C1F5B6260E62D1006E1D54 /* AppFilmesTests.swift in Sources */,
			);
			runOnlyForDeploymentPostprocessing = 0;
		};
		93C1F5B8260E62D1006E1D54 /* Sources */ = {
			isa = PBXSourcesBuildPhase;
			buildActionMask = 2147483647;
			files = (
				93C1F5C1260E62D1006E1D54 /* AppFilmesUITests.swift in Sources */,
			);
			runOnlyForDeploymentPostprocessing = 0;
		};
/* End PBXSourcesBuildPhase section */

/* Begin PBXTargetDependency section */
		93C1F5B3260E62D1006E1D54 /* PBXTargetDependency */ = {
			isa = PBXTargetDependency;
			target = 93C1F599260E62CE006E1D54 /* AppFilmes */;
			targetProxy = 93C1F5B2260E62D1006E1D54 /* PBXContainerItemProxy */;
		};
		93C1F5BE260E62D1006E1D54 /* PBXTargetDependency */ = {
			isa = PBXTargetDependency;
			target = 93C1F599260E62CE006E1D54 /* AppFilmes */;
			targetProxy = 93C1F5BD260E62D1006E1D54 /* PBXContainerItemProxy */;
		};
/* End PBXTargetDependency section */

/* Begin PBXVariantGroup section */
		93C1F5A1260E62CE006E1D54 /* Main.storyboard */ = {
			isa = PBXVariantGroup;
			children = (
				93C1F5A2260E62CE006E1D54 /* Base */,
			);
			name = Main.storyboard;
			sourceTree = "<group>";
		};
		93C1F5A9260E62D0006E1D54 /* LaunchScreen.storyboard */ = {
			isa = PBXVariantGroup;
			children = (
				93C1F5AA260E62D0006E1D54 /* Base */,
			);
			name = LaunchScreen.storyboard;
			sourceTree = "<group>";
		};
/* End PBXVariantGroup section */

/* Begin XCBuildConfiguration section */
		93C1F5C3260E62D1006E1D54 /* Debug */ = {
			isa = XCBuildConfiguration;
			buildSettings = {
				ALWAYS_SEARCH_USER_PATHS = NO;
				CLANG_ANALYZER_NONNULL = YES;
				CLANG_ANALYZER_NUMBER_OBJECT_CONVERSION = YES_AGGRESSIVE;
				CLANG_CXX_LANGUAGE_STANDARD = "gnu++14";
				CLANG_CXX_LIBRARY = "libc++";
				CLANG_ENABLE_MODULES = YES;
				CLANG_ENABLE_OBJC_ARC = YES;
				CLANG_ENABLE_OBJC_WEAK = YES;
				CLANG_WARN_BLOCK_CAPTURE_AUTORELEASING = YES;
				CLANG_WARN_BOOL_CONVERSION = YES;
				CLANG_WARN_COMMA = YES;
				CLANG_WARN_CONSTANT_CONVERSION = YES;
				CLANG_WARN_DEPRECATED_OBJC_IMPLEMENTATIONS = YES;
				CLANG_WARN_DIRECT_OBJC_ISA_USAGE = YES_ERROR;
				CLANG_WARN_DOCUMENTATION_COMMENTS = YES;
				CLANG_WARN_EMPTY_BODY = YES;
				CLANG_WARN_ENUM_CONVERSION = YES;
				CLANG_WARN_INFINITE_RECURSION = YES;
				CLANG_WARN_INT_CONVERSION = YES;
				CLANG_WARN_NON_LITERAL_NULL_CONVERSION = YES;
				CLANG_WARN_OBJC_IMPLICIT_RETAIN_SELF = YES;
				CLANG_WARN_OBJC_LITERAL_CONVERSION = YES;
				CLANG_WARN_OBJC_ROOT_CLASS = YES_ERROR;
				CLANG_WARN_RANGE_LOOP_ANALYSIS = YES;
				CLANG_WARN_STRICT_PROTOTYPES = YES;
				CLANG_WARN_SUSPICIOUS_MOVE = YES;
				CLANG_WARN_UNGUARDED_AVAILABILITY = YES_AGGRESSIVE;
				CLANG_WARN_UNREACHABLE_CODE = YES;
				CLANG_WARN__DUPLICATE_METHOD_MATCH = YES;
				CODE_SIGN_IDENTITY = "iPhone Developer";
				COPY_PHASE_STRIP = NO;
				DEBUG_INFORMATION_FORMAT = dwarf;
				ENABLE_STRICT_OBJC_MSGSEND = YES;
				ENABLE_TESTABILITY = YES;
				GCC_C_LANGUAGE_STANDARD = gnu11;
				GCC_DYNAMIC_NO_PIC = NO;
				GCC_NO_COMMON_BLOCKS = YES;
				GCC_OPTIMIZATION_LEVEL = 0;
				GCC_PREPROCESSOR_DEFINITIONS = (
					"DEBUG=1",
					"$(inherited)",
				);
				GCC_WARN_64_TO_32_BIT_CONVERSION = YES;
				GCC_WARN_ABOUT_RETURN_TYPE = YES_ERROR;
				GCC_WARN_UNDECLARED_SELECTOR = YES;
				GCC_WARN_UNINITIALIZED_AUTOS = YES_AGGRESSIVE;
				GCC_WARN_UNUSED_FUNCTION = YES;
				GCC_WARN_UNUSED_VARIABLE = YES;
				IPHONEOS_DEPLOYMENT_TARGET = 12.1;
				MTL_ENABLE_DEBUG_INFO = INCLUDE_SOURCE;
				MTL_FAST_MATH = YES;
				ONLY_ACTIVE_ARCH = YES;
				SDKROOT = iphoneos;
				SWIFT_ACTIVE_COMPILATION_CONDITIONS = DEBUG;
				SWIFT_OPTIMIZATION_LEVEL = "-Onone";
			};
			name = Debug;
		};
		93C1F5C4260E62D1006E1D54 /* Release */ = {
			isa = XCBuildConfiguration;
			buildSettings = {
				ALWAYS_SEARCH_USER_PATHS = NO;
				CLANG_ANALYZER_NONNULL = YES;
				CLANG_ANALYZER_NUMBER_OBJECT_CONVERSION = YES_AGGRESSIVE;
				CLANG_CXX_LANGUAGE_STANDARD = "gnu++14";
				CLANG_CXX_LIBRARY = "libc++";
				CLANG_ENABLE_MODULES = YES;
				CLANG_ENABLE_OBJC_ARC = YES;
				CLANG_ENABLE_OBJC_WEAK = YES;
				CLANG_WARN_BLOCK_CAPTURE_AUTORELEASING = YES;
				CLANG_WARN_BOOL_CONVERSION = YES;
				CLANG_WARN_COMMA = YES;
				CLANG_WARN_CONSTANT_CONVERSION = YES;
				CLANG_WARN_DEPRECATED_OBJC_IMPLEMENTATIONS = YES;
				CLANG_WARN_DIRECT_OBJC_ISA_USAGE = YES_ERROR;
				CLANG_WARN_DOCUMENTATION_COMMENTS = YES;
				CLANG_WARN_EMPTY_BODY = YES;
				CLANG_WARN_ENUM_CONVERSION = YES;
				CLANG_WARN_INFINITE_RECURSION = YES;
				CLANG_WARN_INT_CONVERSION = YES;
				CLANG_WARN_NON_LITERAL_NULL_CONVERSION = YES;
				CLANG_WARN_OBJC_IMPLICIT_RETAIN_SELF = YES;
				CLANG_WARN_OBJC_LITERAL_CONVERSION = YES;
				CLANG_WARN_OBJC_ROOT_CLASS = YES_ERROR;
				CLANG_WARN_RANGE_LOOP_ANALYSIS = YES;
				CLANG_WARN_STRICT_PROTOTYPES = YES;
				CLANG_WARN_SUSPICIOUS_MOVE = YES;
				CLANG_WARN_UNGUARDED_AVAILABILITY = YES_AGGRESSIVE;
				CLANG_WARN_UNREACHABLE_CODE = YES;
				CLANG_WARN__DUPLICATE_METHOD_MATCH = YES;
				CODE_SIGN_IDENTITY = "iPhone Developer";
				COPY_PHASE_STRIP = NO;
				DEBUG_INFORMATION_FORMAT = "dwarf-with-dsym";
				ENABLE_NS_ASSERTIONS = NO;
				ENABLE_STRICT_OBJC_MSGSEND = YES;
				GCC_C_LANGUAGE_STANDARD = gnu11;
				GCC_NO_COMMON_BLOCKS = YES;
				GCC_WARN_64_TO_32_BIT_CONVERSION = YES;
				GCC_WARN_ABOUT_RETURN_TYPE = YES_ERROR;
				GCC_WARN_UNDECLARED_SELECTOR = YES;
				GCC_WARN_UNINITIALIZED_AUTOS = YES_AGGRESSIVE;
				GCC_WARN_UNUSED_FUNCTION = YES;
				GCC_WARN_UNUSED_VARIABLE = YES;
				IPHONEOS_DEPLOYMENT_TARGET = 12.1;
				MTL_ENABLE_DEBUG_INFO = NO;
				MTL_FAST_MATH = YES;
				SDKROOT = iphoneos;
				SWIFT_COMPILATION_MODE = wholemodule;
				SWIFT_OPTIMIZATION_LEVEL = "-O";
				VALIDATE_PRODUCT = YES;
			};
			name = Release;
		};
		93C1F5C6260E62D1006E1D54 /* Debug */ = {
			isa = XCBuildConfiguration;
			baseConfigurationReference = 77DA589EE77F63832B509FA9 /* Pods-AppFilmes.debug.xcconfig */;
			buildSettings = {
				ASSETCATALOG_COMPILER_APPICON_NAME = AppIcon;
				CODE_SIGN_STYLE = Automatic;
				INFOPLIST_FILE = AppFilmes/Info.plist;
				LD_RUNPATH_SEARCH_PATHS = (
					"$(inherited)",
					"@executable_path/Frameworks",
				);
				PRODUCT_BUNDLE_IDENTIFIER = br.com.AppFilmes;
				PRODUCT_NAME = "$(TARGET_NAME)";
				SWIFT_VERSION = 4.2;
				TARGETED_DEVICE_FAMILY = "1,2";
			};
			name = Debug;
		};
		93C1F5C7260E62D1006E1D54 /* Release */ = {
			isa = XCBuildConfiguration;
			baseConfigurationReference = 53B848914FFD12D2C77810B5 /* Pods-AppFilmes.release.xcconfig */;
			buildSettings = {
				ASSETCATALOG_COMPILER_APPICON_NAME = AppIcon;
				CODE_SIGN_STYLE = Automatic;
				INFOPLIST_FILE = AppFilmes/Info.plist;
				LD_RUNPATH_SEARCH_PATHS = (
					"$(inherited)",
					"@executable_path/Frameworks",
				);
				PRODUCT_BUNDLE_IDENTIFIER = br.com.AppFilmes;
				PRODUCT_NAME = "$(TARGET_NAME)";
				SWIFT_VERSION = 4.2;
				TARGETED_DEVICE_FAMILY = "1,2";
			};
			name = Release;
		};
		93C1F5C9260E62D1006E1D54 /* Debug */ = {
			isa = XCBuildConfiguration;
			baseConfigurationReference = 7CB59CC512B3F72FF80C870C /* Pods-AppFilmesTests.debug.xcconfig */;
			buildSettings = {
				ALWAYS_EMBED_SWIFT_STANDARD_LIBRARIES = YES;
				BUNDLE_LOADER = "$(TEST_HOST)";
				CODE_SIGN_STYLE = Automatic;
				INFOPLIST_FILE = AppFilmesTests/Info.plist;
				LD_RUNPATH_SEARCH_PATHS = (
					"$(inherited)",
					"@executable_path/Frameworks",
					"@loader_path/Frameworks",
				);
				PRODUCT_BUNDLE_IDENTIFIER = br.com.AppFilmesTests;
				PRODUCT_NAME = "$(TARGET_NAME)";
				SWIFT_VERSION = 4.2;
				TARGETED_DEVICE_FAMILY = "1,2";
				TEST_HOST = "$(BUILT_PRODUCTS_DIR)/AppFilmes.app/AppFilmes";
			};
			name = Debug;
		};
		93C1F5CA260E62D1006E1D54 /* Release */ = {
			isa = XCBuildConfiguration;
			baseConfigurationReference = D39CB02DD197465BEED84417 /* Pods-AppFilmesTests.release.xcconfig */;
			buildSettings = {
				ALWAYS_EMBED_SWIFT_STANDARD_LIBRARIES = YES;
				BUNDLE_LOADER = "$(TEST_HOST)";
				CODE_SIGN_STYLE = Automatic;
				INFOPLIST_FILE = AppFilmesTests/Info.plist;
				LD_RUNPATH_SEARCH_PATHS = (
					"$(inherited)",
					"@executable_path/Frameworks",
					"@loader_path/Frameworks",
				);
				PRODUCT_BUNDLE_IDENTIFIER = br.com.AppFilmesTests;
				PRODUCT_NAME = "$(TARGET_NAME)";
				SWIFT_VERSION = 4.2;
				TARGETED_DEVICE_FAMILY = "1,2";
				TEST_HOST = "$(BUILT_PRODUCTS_DIR)/AppFilmes.app/AppFilmes";
			};
			name = Release;
		};
		93C1F5CC260E62D1006E1D54 /* Debug */ = {
			isa = XCBuildConfiguration;
			baseConfigurationReference = 600172C6C644CE724CDDC624 /* Pods-AppFilmes-AppFilmesUITests.debug.xcconfig */;
			buildSettings = {
				ALWAYS_EMBED_SWIFT_STANDARD_LIBRARIES = YES;
				CODE_SIGN_STYLE = Automatic;
				INFOPLIST_FILE = AppFilmesUITests/Info.plist;
				LD_RUNPATH_SEARCH_PATHS = (
					"$(inherited)",
					"@executable_path/Frameworks",
					"@loader_path/Frameworks",
				);
				PRODUCT_BUNDLE_IDENTIFIER = br.com.AppFilmesUITests;
				PRODUCT_NAME = "$(TARGET_NAME)";
				SWIFT_VERSION = 4.2;
				TARGETED_DEVICE_FAMILY = "1,2";
				TEST_TARGET_NAME = AppFilmes;
			};
			name = Debug;
		};
		93C1F5CD260E62D1006E1D54 /* Release */ = {
			isa = XCBuildConfiguration;
			baseConfigurationReference = ADAC8E7C2BEEE5FF0CE6F119 /* Pods-AppFilmes-AppFilmesUITests.release.xcconfig */;
			buildSettings = {
				ALWAYS_EMBED_SWIFT_STANDARD_LIBRARIES = YES;
				CODE_SIGN_STYLE = Automatic;
				INFOPLIST_FILE = AppFilmesUITests/Info.plist;
				LD_RUNPATH_SEARCH_PATHS = (
					"$(inherited)",
					"@executable_path/Frameworks",
					"@loader_path/Frameworks",
				);
				PRODUCT_BUNDLE_IDENTIFIER = br.com.AppFilmesUITests;
				PRODUCT_NAME = "$(TARGET_NAME)";
				SWIFT_VERSION = 4.2;
				TARGETED_DEVICE_FAMILY = "1,2";
				TEST_TARGET_NAME = AppFilmes;
			};
			name = Release;
		};
/* End XCBuildConfiguration section */

/* Begin XCConfigurationList section */
		93C1F595260E62CE006E1D54 /* Build configuration list for PBXProject "AppFilmes" */ = {
			isa = XCConfigurationList;
			buildConfigurations = (
				93C1F5C3260E62D1006E1D54 /* Debug */,
				93C1F5C4260E62D1006E1D54 /* Release */,
			);
			defaultConfigurationIsVisible = 0;
			defaultConfigurationName = Release;
		};
		93C1F5C5260E62D1006E1D54 /* Build configuration list for PBXNativeTarget "AppFilmes" */ = {
			isa = XCConfigurationList;
			buildConfigurations = (
				93C1F5C6260E62D1006E1D54 /* Debug */,
				93C1F5C7260E62D1006E1D54 /* Release */,
			);
			defaultConfigurationIsVisible = 0;
			defaultConfigurationName = Release;
		};
		93C1F5C8260E62D1006E1D54 /* Build configuration list for PBXNativeTarget "AppFilmesTests" */ = {
			isa = XCConfigurationList;
			buildConfigurations = (
				93C1F5C9260E62D1006E1D54 /* Debug */,
				93C1F5CA260E62D1006E1D54 /* Release */,
			);
			defaultConfigurationIsVisible = 0;
			defaultConfigurationName = Release;
		};
		93C1F5CB260E62D1006E1D54 /* Build configuration list for PBXNativeTarget "AppFilmesUITests" */ = {
			isa = XCConfigurationList;
			buildConfigurations = (
				93C1F5CC260E62D1006E1D54 /* Debug */,
				93C1F5CD260E62D1006E1D54 /* Release */,
			);
			defaultConfigurationIsVisible = 0;
			defaultConfigurationName = Release;
		};
/* End XCConfigurationList section */

/* Begin XCVersionGroup section */
		93C1F5A4260E62CE006E1D54 /* AppFilmes.xcdatamodeld */ = {
			isa = XCVersionGroup;
			children = (
				93C1F5A5260E62CE006E1D54 /* AppFilmes.xcdatamodel */,
			);
			currentVersion = 93C1F5A5260E62CE006E1D54 /* AppFilmes.xcdatamodel */;
			path = AppFilmes.xcdatamodeld;
			sourceTree = "<group>";
			versionGroupType = wrapper.xcdatamodel;
		};
/* End XCVersionGroup section */
	};
	rootObject = 93C1F592260E62CE006E1D54 /* Project object */;
}
