// !$*UTF8*$!
{
	archiveVersion = 1;
	classes = {
	};
	objectVersion = 51;
	objects = {

/* Begin PBXBuildFile section */
		917EF47E0C67E7C58063C751 /* Pods_AppFilmes_AppFilmesUITests.framework in Frameworks */ = {isa = PBXBuildFile; fileRef = 932422F62639DA6B00F8AD13 /* Pods_AppFilmes_AppFilmesUITests.framework */; };
		932422A52639A37E00F8AD13 /* Main.storyboard in Resources */ = {isa = PBXBuildFile; fileRef = 93B6746826127C13009CB5C3 /* Main.storyboard */; };
		932422A82639A37E00F8AD13 /* Main.storyboard in Resources */ = {isa = PBXBuildFile; fileRef = 93B6746826127C13009CB5C3 /* Main.storyboard */; };
		935789CE26365DEE00A06BBB /* Pods_AppFilmes.framework in Frameworks */ = {isa = PBXBuildFile; fileRef = 27ECB13923D0D4B72977DCDD /* Pods_AppFilmes.framework */; };
		935789D426365E2000A06BBB /* Pods_AppFilmes.framework in Frameworks */ = {isa = PBXBuildFile; fileRef = 935789D326365E2000A06BBB /* Pods_AppFilmes.framework */; };
		9357F2F62614D39B0005E30A /* DetalhesViewController.swift in Sources */ = {isa = PBXBuildFile; fileRef = 9357F2F52614D39B0005E30A /* DetalhesViewController.swift */; };
		935C7AC5263355C800CD183A /* modelDetalhes.swift in Sources */ = {isa = PBXBuildFile; fileRef = 935C7AC4263355C800CD183A /* modelDetalhes.swift */; };
		93B6746526127C13009CB5C3 /* AppDelegate.swift in Sources */ = {isa = PBXBuildFile; fileRef = 93B6746426127C13009CB5C3 /* AppDelegate.swift */; };
		93B6746726127C13009CB5C3 /* ViewController.swift in Sources */ = {isa = PBXBuildFile; fileRef = 93B6746626127C13009CB5C3 /* ViewController.swift */; };
		93B6746A26127C13009CB5C3 /* Main.storyboard in Resources */ = {isa = PBXBuildFile; fileRef = 93B6746826127C13009CB5C3 /* Main.storyboard */; };
		93B6746D26127C13009CB5C3 /* AppFilmes.xcdatamodeld in Sources */ = {isa = PBXBuildFile; fileRef = 93B6746B26127C13009CB5C3 /* AppFilmes.xcdatamodeld */; };
		93B6746F26127C16009CB5C3 /* Assets.xcassets in Resources */ = {isa = PBXBuildFile; fileRef = 93B6746E26127C16009CB5C3 /* Assets.xcassets */; };
		93B6747226127C16009CB5C3 /* LaunchScreen.storyboard in Resources */ = {isa = PBXBuildFile; fileRef = 93B6747026127C16009CB5C3 /* LaunchScreen.storyboard */; };
		93B6747D26127C16009CB5C3 /* AppFilmesTests.swift in Sources */ = {isa = PBXBuildFile; fileRef = 93B6747C26127C16009CB5C3 /* AppFilmesTests.swift */; };
		93B6748826127C16009CB5C3 /* AppFilmesUITests.swift in Sources */ = {isa = PBXBuildFile; fileRef = 93B6748726127C16009CB5C3 /* AppFilmesUITests.swift */; };
		93B674982612C393009CB5C3 /* HomeFilmesCollectionViewCell.swift in Sources */ = {isa = PBXBuildFile; fileRef = 93B674972612C393009CB5C3 /* HomeFilmesCollectionViewCell.swift */; };
		93B6749A2612E2A7009CB5C3 /* Filmes.swift in Sources */ = {isa = PBXBuildFile; fileRef = 93B674992612E2A7009CB5C3 /* Filmes.swift */; };
		93F91545263848DD0017AF09 /* FilmesAPI.swift in Sources */ = {isa = PBXBuildFile; fileRef = 93F91544263848DD0017AF09 /* FilmesAPI.swift */; };
		D3EB9C96FF791BC778CC5B1D /* Pods_AppFilmes_AppFilmesUITests.framework in Frameworks */ = {isa = PBXBuildFile; fileRef = 973AAA6C5E258E5FB3A92F2A /* Pods_AppFilmes_AppFilmesUITests.framework */; };
		DA9A78C0FE4635128397A554 /* Pods_AppFilmesTests.framework in Frameworks */ = {isa = PBXBuildFile; fileRef = 57C7BAC35F2779CC473DC287 /* Pods_AppFilmesTests.framework */; };
/* End PBXBuildFile section */

/* Begin PBXContainerItemProxy section */
		93B6747926127C16009CB5C3 /* PBXContainerItemProxy */ = {
			isa = PBXContainerItemProxy;
			containerPortal = 93B6745926127C13009CB5C3 /* Project object */;
			proxyType = 1;
			remoteGlobalIDString = 93B6746026127C13009CB5C3;
			remoteInfo = AppFilmes;
		};
		93B6748426127C16009CB5C3 /* PBXContainerItemProxy */ = {
			isa = PBXContainerItemProxy;
			containerPortal = 93B6745926127C13009CB5C3 /* Project object */;
			proxyType = 1;
			remoteGlobalIDString = 93B6746026127C13009CB5C3;
			remoteInfo = AppFilmes;
		};
/* End PBXContainerItemProxy section */

/* Begin PBXFileReference section */
		0730FE028D60A150E9CF98DF /* Pods-AppFilmes.release.xcconfig */ = {isa = PBXFileReference; includeInIndex = 1; lastKnownFileType = text.xcconfig; name = "Pods-AppFilmes.release.xcconfig"; path = "Target Support Files/Pods-AppFilmes/Pods-AppFilmes.release.xcconfig"; sourceTree = "<group>"; };
		0CBB3838FE7B55BE988F7E28 /* Pods-AppFilmes-AppFilmesUITests.release.xcconfig */ = {isa = PBXFileReference; includeInIndex = 1; lastKnownFileType = text.xcconfig; name = "Pods-AppFilmes-AppFilmesUITests.release.xcconfig"; path = "Target Support Files/Pods-AppFilmes-AppFilmesUITests/Pods-AppFilmes-AppFilmesUITests.release.xcconfig"; sourceTree = "<group>"; };
		27ECB13923D0D4B72977DCDD /* Pods_AppFilmes.framework */ = {isa = PBXFileReference; explicitFileType = wrapper.framework; includeInIndex = 0; path = Pods_AppFilmes.framework; sourceTree = BUILT_PRODUCTS_DIR; };
		57C7BAC35F2779CC473DC287 /* Pods_AppFilmesTests.framework */ = {isa = PBXFileReference; explicitFileType = wrapper.framework; includeInIndex = 0; path = Pods_AppFilmesTests.framework; sourceTree = BUILT_PRODUCTS_DIR; };
		932422F62639DA6B00F8AD13 /* Pods_AppFilmes_AppFilmesUITests.framework */ = {isa = PBXFileReference; explicitFileType = wrapper.framework; path = Pods_AppFilmes_AppFilmesUITests.framework; sourceTree = BUILT_PRODUCTS_DIR; };
		935789D326365E2000A06BBB /* Pods_AppFilmes.framework */ = {isa = PBXFileReference; explicitFileType = wrapper.framework; path = Pods_AppFilmes.framework; sourceTree = BUILT_PRODUCTS_DIR; };
		9357F2F52614D39B0005E30A /* DetalhesViewController.swift */ = {isa = PBXFileReference; lastKnownFileType = sourcecode.swift; path = DetalhesViewController.swift; sourceTree = "<group>"; };
		935C7AC4263355C800CD183A /* modelDetalhes.swift */ = {isa = PBXFileReference; lastKnownFileType = sourcecode.swift; path = modelDetalhes.swift; sourceTree = "<group>"; };
		93B6746126127C13009CB5C3 /* AppFilmes.app */ = {isa = PBXFileReference; explicitFileType = wrapper.application; includeInIndex = 0; path = AppFilmes.app; sourceTree = BUILT_PRODUCTS_DIR; };
		93B6746426127C13009CB5C3 /* AppDelegate.swift */ = {isa = PBXFileReference; lastKnownFileType = sourcecode.swift; path = AppDelegate.swift; sourceTree = "<group>"; };
		93B6746626127C13009CB5C3 /* ViewController.swift */ = {isa = PBXFileReference; lastKnownFileType = sourcecode.swift; path = ViewController.swift; sourceTree = "<group>"; };
		93B6746926127C13009CB5C3 /* Base */ = {isa = PBXFileReference; lastKnownFileType = file.storyboard; name = Base; path = Base.lproj/Main.storyboard; sourceTree = "<group>"; };
		93B6746C26127C13009CB5C3 /* AppFilmes.xcdatamodel */ = {isa = PBXFileReference; lastKnownFileType = wrapper.xcdatamodel; path = AppFilmes.xcdatamodel; sourceTree = "<group>"; };
		93B6746E26127C16009CB5C3 /* Assets.xcassets */ = {isa = PBXFileReference; lastKnownFileType = folder.assetcatalog; path = Assets.xcassets; sourceTree = "<group>"; };
		93B6747126127C16009CB5C3 /* Base */ = {isa = PBXFileReference; lastKnownFileType = file.storyboard; name = Base; path = Base.lproj/LaunchScreen.storyboard; sourceTree = "<group>"; };
		93B6747326127C16009CB5C3 /* Info.plist */ = {isa = PBXFileReference; lastKnownFileType = text.plist.xml; path = Info.plist; sourceTree = "<group>"; };
		93B6747826127C16009CB5C3 /* AppFilmesTests.xctest */ = {isa = PBXFileReference; explicitFileType = wrapper.cfbundle; includeInIndex = 0; path = AppFilmesTests.xctest; sourceTree = BUILT_PRODUCTS_DIR; };
		93B6747C26127C16009CB5C3 /* AppFilmesTests.swift */ = {isa = PBXFileReference; lastKnownFileType = sourcecode.swift; path = AppFilmesTests.swift; sourceTree = "<group>"; };
		93B6747E26127C16009CB5C3 /* Info.plist */ = {isa = PBXFileReference; lastKnownFileType = text.plist.xml; path = Info.plist; sourceTree = "<group>"; };
		93B6748326127C16009CB5C3 /* AppFilmesUITests.xctest */ = {isa = PBXFileReference; explicitFileType = wrapper.cfbundle; includeInIndex = 0; path = AppFilmesUITests.xctest; sourceTree = BUILT_PRODUCTS_DIR; };
		93B6748726127C16009CB5C3 /* AppFilmesUITests.swift */ = {isa = PBXFileReference; lastKnownFileType = sourcecode.swift; path = AppFilmesUITests.swift; sourceTree = "<group>"; };
		93B6748926127C16009CB5C3 /* Info.plist */ = {isa = PBXFileReference; lastKnownFileType = text.plist.xml; path = Info.plist; sourceTree = "<group>"; };
		93B674972612C393009CB5C3 /* HomeFilmesCollectionViewCell.swift */ = {isa = PBXFileReference; lastKnownFileType = sourcecode.swift; path = HomeFilmesCollectionViewCell.swift; sourceTree = "<group>"; };
		93B674992612E2A7009CB5C3 /* Filmes.swift */ = {isa = PBXFileReference; lastKnownFileType = sourcecode.swift; path = Filmes.swift; sourceTree = "<group>"; };
		93F91544263848DD0017AF09 /* FilmesAPI.swift */ = {isa = PBXFileReference; lastKnownFileType = sourcecode.swift; path = FilmesAPI.swift; sourceTree = "<group>"; };
		973AAA6C5E258E5FB3A92F2A /* Pods_AppFilmes_AppFilmesUITests.framework */ = {isa = PBXFileReference; explicitFileType = wrapper.framework; includeInIndex = 0; path = Pods_AppFilmes_AppFilmesUITests.framework; sourceTree = BUILT_PRODUCTS_DIR; };
		9F4B2DF6A10B5E51D03D0D90 /* Pods-AppFilmes.debug.xcconfig */ = {isa = PBXFileReference; includeInIndex = 1; lastKnownFileType = text.xcconfig; name = "Pods-AppFilmes.debug.xcconfig"; path = "Target Support Files/Pods-AppFilmes/Pods-AppFilmes.debug.xcconfig"; sourceTree = "<group>"; };
		A126AD7D48A34EA9F193CD99 /* Pods-AppFilmesTests.debug.xcconfig */ = {isa = PBXFileReference; includeInIndex = 1; lastKnownFileType = text.xcconfig; name = "Pods-AppFilmesTests.debug.xcconfig"; path = "Target Support Files/Pods-AppFilmesTests/Pods-AppFilmesTests.debug.xcconfig"; sourceTree = "<group>"; };
		D3DD33DDE24B03FEF1418874 /* Pods-AppFilmesTests.release.xcconfig */ = {isa = PBXFileReference; includeInIndex = 1; lastKnownFileType = text.xcconfig; name = "Pods-AppFilmesTests.release.xcconfig"; path = "Target Support Files/Pods-AppFilmesTests/Pods-AppFilmesTests.release.xcconfig"; sourceTree = "<group>"; };
		FDCED980DA4FB3FE8AC11A26 /* Pods-AppFilmes-AppFilmesUITests.debug.xcconfig */ = {isa = PBXFileReference; includeInIndex = 1; lastKnownFileType = text.xcconfig; name = "Pods-AppFilmes-AppFilmesUITests.debug.xcconfig"; path = "Target Support Files/Pods-AppFilmes-AppFilmesUITests/Pods-AppFilmes-AppFilmesUITests.debug.xcconfig"; sourceTree = "<group>"; };
/* End PBXFileReference section */

/* Begin PBXFrameworksBuildPhase section */
		93B6745E26127C13009CB5C3 /* Frameworks */ = {
			isa = PBXFrameworksBuildPhase;
			buildActionMask = 2147483647;
			files = (
				935789D426365E2000A06BBB /* Pods_AppFilmes.framework in Frameworks */,
				935789CE26365DEE00A06BBB /* Pods_AppFilmes.framework in Frameworks */,
			);
			runOnlyForDeploymentPostprocessing = 0;
		};
		93B6747526127C16009CB5C3 /* Frameworks */ = {
			isa = PBXFrameworksBuildPhase;
			buildActionMask = 2147483647;
			files = (
				DA9A78C0FE4635128397A554 /* Pods_AppFilmesTests.framework in Frameworks */,
			);
			runOnlyForDeploymentPostprocessing = 0;
		};
		93B6748026127C16009CB5C3 /* Frameworks */ = {
			isa = PBXFrameworksBuildPhase;
			buildActionMask = 2147483647;
			files = (
				D3EB9C96FF791BC778CC5B1D /* Pods_AppFilmes_AppFilmesUITests.framework in Frameworks */,
				917EF47E0C67E7C58063C751 /* Pods_AppFilmes_AppFilmesUITests.framework in Frameworks */,
			);
			runOnlyForDeploymentPostprocessing = 0;
		};
/* End PBXFrameworksBuildPhase section */

/* Begin PBXGroup section */
		04575623EF4385FC929ECAE9 /* Pods */ = {
			isa = PBXGroup;
			children = (
				9F4B2DF6A10B5E51D03D0D90 /* Pods-AppFilmes.debug.xcconfig */,
				0730FE028D60A150E9CF98DF /* Pods-AppFilmes.release.xcconfig */,
				FDCED980DA4FB3FE8AC11A26 /* Pods-AppFilmes-AppFilmesUITests.debug.xcconfig */,
				0CBB3838FE7B55BE988F7E28 /* Pods-AppFilmes-AppFilmesUITests.release.xcconfig */,
				A126AD7D48A34EA9F193CD99 /* Pods-AppFilmesTests.debug.xcconfig */,
				D3DD33DDE24B03FEF1418874 /* Pods-AppFilmesTests.release.xcconfig */,
			);
			path = Pods;
			sourceTree = "<group>";
		};
		6758CE9F5FB98FF069E895D9 /* Frameworks */ = {
			isa = PBXGroup;
			children = (
				932422F62639DA6B00F8AD13 /* Pods_AppFilmes_AppFilmesUITests.framework */,
				935789D326365E2000A06BBB /* Pods_AppFilmes.framework */,
				27ECB13923D0D4B72977DCDD /* Pods_AppFilmes.framework */,
				973AAA6C5E258E5FB3A92F2A /* Pods_AppFilmes_AppFilmesUITests.framework */,
				57C7BAC35F2779CC473DC287 /* Pods_AppFilmesTests.framework */,
			);
			name = Frameworks;
			sourceTree = "<group>";
		};
		9357F2FB2614E2FE0005E30A /* Model */ = {
			isa = PBXGroup;
			children = (
				93B674992612E2A7009CB5C3 /* Filmes.swift */,
				935C7AC4263355C800CD183A /* modelDetalhes.swift */,
			);
			path = Model;
			sourceTree = "<group>";
		};
		9357F2FC2614E30C0005E30A /* Controller */ = {
			isa = PBXGroup;
			children = (
				93B6746626127C13009CB5C3 /* ViewController.swift */,
				93B674972612C393009CB5C3 /* HomeFilmesCollectionViewCell.swift */,
				9357F2F52614D39B0005E30A /* DetalhesViewController.swift */,
			);
			path = Controller;
			sourceTree = "<group>";
		};
		9357F2FD2614E31F0005E30A /* View */ = {
			isa = PBXGroup;
			children = (
				93B6746826127C13009CB5C3 /* Main.storyboard */,
				93B6747026127C16009CB5C3 /* LaunchScreen.storyboard */,
			);
			path = View;
			sourceTree = "<group>";
		};
		93B6745826127C13009CB5C3 = {
			isa = PBXGroup;
			children = (
				93B6746326127C13009CB5C3 /* AppFilmes */,
				93B6747B26127C16009CB5C3 /* AppFilmesTests */,
				93B6748626127C16009CB5C3 /* AppFilmesUITests */,
				93B6746226127C13009CB5C3 /* Products */,
				04575623EF4385FC929ECAE9 /* Pods */,
				6758CE9F5FB98FF069E895D9 /* Frameworks */,
			);
			sourceTree = "<group>";
		};
		93B6746226127C13009CB5C3 /* Products */ = {
			isa = PBXGroup;
			children = (
				93B6746126127C13009CB5C3 /* AppFilmes.app */,
				93B6747826127C16009CB5C3 /* AppFilmesTests.xctest */,
				93B6748326127C16009CB5C3 /* AppFilmesUITests.xctest */,
			);
			name = Products;
			sourceTree = "<group>";
		};
		93B6746326127C13009CB5C3 /* AppFilmes */ = {
			isa = PBXGroup;
			children = (
				93B6746426127C13009CB5C3 /* AppDelegate.swift */,
				93F91543263848C50017AF09 /* Server */,
				9357F2FC2614E30C0005E30A /* Controller */,
				9357F2FB2614E2FE0005E30A /* Model */,
				9357F2FD2614E31F0005E30A /* View */,
				93B6746E26127C16009CB5C3 /* Assets.xcassets */,
				93B6747326127C16009CB5C3 /* Info.plist */,
				93B6746B26127C13009CB5C3 /* AppFilmes.xcdatamodeld */,
			);
			path = AppFilmes;
			sourceTree = "<group>";
		};
		93B6747B26127C16009CB5C3 /* AppFilmesTests */ = {
			isa = PBXGroup;
			children = (
				93B6747C26127C16009CB5C3 /* AppFilmesTests.swift */,
				93B6747E26127C16009CB5C3 /* Info.plist */,
			);
			path = AppFilmesTests;
			sourceTree = "<group>";
		};
		93B6748626127C16009CB5C3 /* AppFilmesUITests */ = {
			isa = PBXGroup;
			children = (
				93B6748726127C16009CB5C3 /* AppFilmesUITests.swift */,
				93B6748926127C16009CB5C3 /* Info.plist */,
			);
			path = AppFilmesUITests;
			sourceTree = "<group>";
		};
		93F91543263848C50017AF09 /* Server */ = {
			isa = PBXGroup;
			children = (
				93F91544263848DD0017AF09 /* FilmesAPI.swift */,
			);
			path = Server;
			sourceTree = "<group>";
		};
/* End PBXGroup section */

/* Begin PBXNativeTarget section */
		93B6746026127C13009CB5C3 /* AppFilmes */ = {
			isa = PBXNativeTarget;
			buildConfigurationList = 93B6748C26127C16009CB5C3 /* Build configuration list for PBXNativeTarget "AppFilmes" */;
			buildPhases = (
				76FB28A5B6E2838C33E77578 /* [CP] Check Pods Manifest.lock */,
				93B6745D26127C13009CB5C3 /* Sources */,
				93B6745E26127C13009CB5C3 /* Frameworks */,
				93B6745F26127C13009CB5C3 /* Resources */,
				55C6B461402CDBF88D260B8C /* [CP] Embed Pods Frameworks */,
			);
			buildRules = (
			);
			dependencies = (
			);
			name = AppFilmes;
			productName = AppFilmes;
			productReference = 93B6746126127C13009CB5C3 /* AppFilmes.app */;
			productType = "com.apple.product-type.application";
		};
		93B6747726127C16009CB5C3 /* AppFilmesTests */ = {
			isa = PBXNativeTarget;
			buildConfigurationList = 93B6748F26127C16009CB5C3 /* Build configuration list for PBXNativeTarget "AppFilmesTests" */;
			buildPhases = (
				684D832FF2DFE16F179C6383 /* [CP] Check Pods Manifest.lock */,
				93B6747426127C16009CB5C3 /* Sources */,
				93B6747526127C16009CB5C3 /* Frameworks */,
				93B6747626127C16009CB5C3 /* Resources */,
				25D720FBA45ACE89BDF9704B /* [CP] Embed Pods Frameworks */,
			);
			buildRules = (
			);
			dependencies = (
				93B6747A26127C16009CB5C3 /* PBXTargetDependency */,
			);
			name = AppFilmesTests;
			productName = AppFilmesTests;
			productReference = 93B6747826127C16009CB5C3 /* AppFilmesTests.xctest */;
			productType = "com.apple.product-type.bundle.unit-test";
		};
		93B6748226127C16009CB5C3 /* AppFilmesUITests */ = {
			isa = PBXNativeTarget;
			buildConfigurationList = 93B6749226127C16009CB5C3 /* Build configuration list for PBXNativeTarget "AppFilmesUITests" */;
			buildPhases = (
				4F4E9425D89C4B10281CF94D /* [CP] Check Pods Manifest.lock */,
				93B6747F26127C16009CB5C3 /* Sources */,
				93B6748026127C16009CB5C3 /* Frameworks */,
				93B6748126127C16009CB5C3 /* Resources */,
				A9DB8F409E3C92DCEF3ACAFA /* [CP] Embed Pods Frameworks */,
			);
			buildRules = (
			);
			dependencies = (
				93B6748526127C16009CB5C3 /* PBXTargetDependency */,
			);
			name = AppFilmesUITests;
			productName = AppFilmesUITests;
			productReference = 93B6748326127C16009CB5C3 /* AppFilmesUITests.xctest */;
			productType = "com.apple.product-type.bundle.ui-testing";
		};
/* End PBXNativeTarget section */

/* Begin PBXProject section */
		93B6745926127C13009CB5C3 /* Project object */ = {
			isa = PBXProject;
			attributes = {
				LastSwiftUpdateCheck = 1010;
				LastUpgradeCheck = 1240;
				ORGANIZATIONNAME = "Tabata Sabrina Sutili";
				TargetAttributes = {
					93B6746026127C13009CB5C3 = {
						CreatedOnToolsVersion = 10.1;
					};
					93B6747726127C16009CB5C3 = {
						CreatedOnToolsVersion = 10.1;
						TestTargetID = 93B6746026127C13009CB5C3;
					};
					93B6748226127C16009CB5C3 = {
						CreatedOnToolsVersion = 10.1;
						TestTargetID = 93B6746026127C13009CB5C3;
					};
				};
			};
			buildConfigurationList = 93B6745C26127C13009CB5C3 /* Build configuration list for PBXProject "AppFilmes" */;
			compatibilityVersion = "Xcode 9.3";
			developmentRegion = en;
			hasScannedForEncodings = 0;
			knownRegions = (
				en,
				Base,
			);
			mainGroup = 93B6745826127C13009CB5C3;
			productRefGroup = 93B6746226127C13009CB5C3 /* Products */;
			projectDirPath = "";
			projectRoot = "";
			targets = (
				93B6746026127C13009CB5C3 /* AppFilmes */,
				93B6747726127C16009CB5C3 /* AppFilmesTests */,
				93B6748226127C16009CB5C3 /* AppFilmesUITests */,
			);
		};
/* End PBXProject section */

/* Begin PBXResourcesBuildPhase section */
		93B6745F26127C13009CB5C3 /* Resources */ = {
			isa = PBXResourcesBuildPhase;
			buildActionMask = 2147483647;
			files = (
				93B6747226127C16009CB5C3 /* LaunchScreen.storyboard in Resources */,
				93B6746F26127C16009CB5C3 /* Assets.xcassets in Resources */,
				93B6746A26127C13009CB5C3 /* Main.storyboard in Resources */,
			);
			runOnlyForDeploymentPostprocessing = 0;
		};
		93B6747626127C16009CB5C3 /* Resources */ = {
			isa = PBXResourcesBuildPhase;
			buildActionMask = 2147483647;
			files = (
				932422A52639A37E00F8AD13 /* Main.storyboard in Resources */,
			);
			runOnlyForDeploymentPostprocessing = 0;
		};
		93B6748126127C16009CB5C3 /* Resources */ = {
			isa = PBXResourcesBuildPhase;
			buildActionMask = 2147483647;
			files = (
				932422A82639A37E00F8AD13 /* Main.storyboard in Resources */,
			);
			runOnlyForDeploymentPostprocessing = 0;
		};
/* End PBXResourcesBuildPhase section */

/* Begin PBXShellScriptBuildPhase section */
		25D720FBA45ACE89BDF9704B /* [CP] Embed Pods Frameworks */ = {
			isa = PBXShellScriptBuildPhase;
			buildActionMask = 2147483647;
			files = (
			);
			inputFileListPaths = (
				"${PODS_ROOT}/Target Support Files/Pods-AppFilmesTests/Pods-AppFilmesTests-frameworks-${CONFIGURATION}-input-files.xcfilelist",
			);
			name = "[CP] Embed Pods Frameworks";
			outputFileListPaths = (
				"${PODS_ROOT}/Target Support Files/Pods-AppFilmesTests/Pods-AppFilmesTests-frameworks-${CONFIGURATION}-output-files.xcfilelist",
			);
			runOnlyForDeploymentPostprocessing = 0;
			shellPath = /bin/sh;
			shellScript = "\"${PODS_ROOT}/Target Support Files/Pods-AppFilmesTests/Pods-AppFilmesTests-frameworks.sh\"\n";
			showEnvVarsInLog = 0;
		};
		4F4E9425D89C4B10281CF94D /* [CP] Check Pods Manifest.lock */ = {
			isa = PBXShellScriptBuildPhase;
			buildActionMask = 2147483647;
			files = (
			);
			inputFileListPaths = (
			);
			inputPaths = (
				"${PODS_PODFILE_DIR_PATH}/Podfile.lock",
				"${PODS_ROOT}/Manifest.lock",
			);
			name = "[CP] Check Pods Manifest.lock";
			outputFileListPaths = (
			);
			outputPaths = (
				"$(DERIVED_FILE_DIR)/Pods-AppFilmes-AppFilmesUITests-checkManifestLockResult.txt",
			);
			runOnlyForDeploymentPostprocessing = 0;
			shellPath = /bin/sh;
			shellScript = "diff \"${PODS_PODFILE_DIR_PATH}/Podfile.lock\" \"${PODS_ROOT}/Manifest.lock\" > /dev/null\nif [ $? != 0 ] ; then\n    # print error to STDERR\n    echo \"error: The sandbox is not in sync with the Podfile.lock. Run 'pod install' or update your CocoaPods installation.\" >&2\n    exit 1\nfi\n# This output is used by Xcode 'outputs' to avoid re-running this script phase.\necho \"SUCCESS\" > \"${SCRIPT_OUTPUT_FILE_0}\"\n";
			showEnvVarsInLog = 0;
		};
		55C6B461402CDBF88D260B8C /* [CP] Embed Pods Frameworks */ = {
			isa = PBXShellScriptBuildPhase;
			buildActionMask = 2147483647;
			files = (
			);
			inputFileListPaths = (
				"${PODS_ROOT}/Target Support Files/Pods-AppFilmes/Pods-AppFilmes-frameworks-${CONFIGURATION}-input-files.xcfilelist",
			);
			name = "[CP] Embed Pods Frameworks";
			outputFileListPaths = (
				"${PODS_ROOT}/Target Support Files/Pods-AppFilmes/Pods-AppFilmes-frameworks-${CONFIGURATION}-output-files.xcfilelist",
			);
			runOnlyForDeploymentPostprocessing = 0;
			shellPath = /bin/sh;
			shellScript = "\"${PODS_ROOT}/Target Support Files/Pods-AppFilmes/Pods-AppFilmes-frameworks.sh\"\n";
			showEnvVarsInLog = 0;
		};
		684D832FF2DFE16F179C6383 /* [CP] Check Pods Manifest.lock */ = {
			isa = PBXShellScriptBuildPhase;
			buildActionMask = 2147483647;
			files = (
			);
			inputFileListPaths = (
			);
			inputPaths = (
				"${PODS_PODFILE_DIR_PATH}/Podfile.lock",
				"${PODS_ROOT}/Manifest.lock",
			);
			name = "[CP] Check Pods Manifest.lock";
			outputFileListPaths = (
			);
			outputPaths = (
				"$(DERIVED_FILE_DIR)/Pods-AppFilmesTests-checkManifestLockResult.txt",
			);
			runOnlyForDeploymentPostprocessing = 0;
			shellPath = /bin/sh;
			shellScript = "diff \"${PODS_PODFILE_DIR_PATH}/Podfile.lock\" \"${PODS_ROOT}/Manifest.lock\" > /dev/null\nif [ $? != 0 ] ; then\n    # print error to STDERR\n    echo \"error: The sandbox is not in sync with the Podfile.lock. Run 'pod install' or update your CocoaPods installation.\" >&2\n    exit 1\nfi\n# This output is used by Xcode 'outputs' to avoid re-running this script phase.\necho \"SUCCESS\" > \"${SCRIPT_OUTPUT_FILE_0}\"\n";
			showEnvVarsInLog = 0;
		};
		76FB28A5B6E2838C33E77578 /* [CP] Check Pods Manifest.lock */ = {
			isa = PBXShellScriptBuildPhase;
			buildActionMask = 2147483647;
			files = (
			);
			inputFileListPaths = (
			);
			inputPaths = (
				"${PODS_PODFILE_DIR_PATH}/Podfile.lock",
				"${PODS_ROOT}/Manifest.lock",
			);
			name = "[CP] Check Pods Manifest.lock";
			outputFileListPaths = (
			);
			outputPaths = (
				"$(DERIVED_FILE_DIR)/Pods-AppFilmes-checkManifestLockResult.txt",
			);
			runOnlyForDeploymentPostprocessing = 0;
			shellPath = /bin/sh;
			shellScript = "diff \"${PODS_PODFILE_DIR_PATH}/Podfile.lock\" \"${PODS_ROOT}/Manifest.lock\" > /dev/null\nif [ $? != 0 ] ; then\n    # print error to STDERR\n    echo \"error: The sandbox is not in sync with the Podfile.lock. Run 'pod install' or update your CocoaPods installation.\" >&2\n    exit 1\nfi\n# This output is used by Xcode 'outputs' to avoid re-running this script phase.\necho \"SUCCESS\" > \"${SCRIPT_OUTPUT_FILE_0}\"\n";
			showEnvVarsInLog = 0;
		};
		A9DB8F409E3C92DCEF3ACAFA /* [CP] Embed Pods Frameworks */ = {
			isa = PBXShellScriptBuildPhase;
			buildActionMask = 2147483647;
			files = (
			);
			inputFileListPaths = (
				"${PODS_ROOT}/Target Support Files/Pods-AppFilmes-AppFilmesUITests/Pods-AppFilmes-AppFilmesUITests-frameworks-${CONFIGURATION}-input-files.xcfilelist",
			);
			name = "[CP] Embed Pods Frameworks";
			outputFileListPaths = (
				"${PODS_ROOT}/Target Support Files/Pods-AppFilmes-AppFilmesUITests/Pods-AppFilmes-AppFilmesUITests-frameworks-${CONFIGURATION}-output-files.xcfilelist",
			);
			runOnlyForDeploymentPostprocessing = 0;
			shellPath = /bin/sh;
			shellScript = "\"${PODS_ROOT}/Target Support Files/Pods-AppFilmes-AppFilmesUITests/Pods-AppFilmes-AppFilmesUITests-frameworks.sh\"\n";
			showEnvVarsInLog = 0;
		};
/* End PBXShellScriptBuildPhase section */

/* Begin PBXSourcesBuildPhase section */
		93B6745D26127C13009CB5C3 /* Sources */ = {
			isa = PBXSourcesBuildPhase;
			buildActionMask = 2147483647;
			files = (
				9357F2F62614D39B0005E30A /* DetalhesViewController.swift in Sources */,
				93B6746726127C13009CB5C3 /* ViewController.swift in Sources */,
				935C7AC5263355C800CD183A /* modelDetalhes.swift in Sources */,
				93B674982612C393009CB5C3 /* HomeFilmesCollectionViewCell.swift in Sources */,
				93B6746D26127C13009CB5C3 /* AppFilmes.xcdatamodeld in Sources */,
				93B6746526127C13009CB5C3 /* AppDelegate.swift in Sources */,
				93B6749A2612E2A7009CB5C3 /* Filmes.swift in Sources */,
				93F91545263848DD0017AF09 /* FilmesAPI.swift in Sources */,
			);
			runOnlyForDeploymentPostprocessing = 0;
		};
		93B6747426127C16009CB5C3 /* Sources */ = {
			isa = PBXSourcesBuildPhase;
			buildActionMask = 2147483647;
			files = (
				93B6747D26127C16009CB5C3 /* AppFilmesTests.swift in Sources */,
			);
			runOnlyForDeploymentPostprocessing = 0;
		};
		93B6747F26127C16009CB5C3 /* Sources */ = {
			isa = PBXSourcesBuildPhase;
			buildActionMask = 2147483647;
			files = (
				93B6748826127C16009CB5C3 /* AppFilmesUITests.swift in Sources */,
			);
			runOnlyForDeploymentPostprocessing = 0;
		};
/* End PBXSourcesBuildPhase section */

/* Begin PBXTargetDependency section */
		93B6747A26127C16009CB5C3 /* PBXTargetDependency */ = {
			isa = PBXTargetDependency;
			target = 93B6746026127C13009CB5C3 /* AppFilmes */;
			targetProxy = 93B6747926127C16009CB5C3 /* PBXContainerItemProxy */;
		};
		93B6748526127C16009CB5C3 /* PBXTargetDependency */ = {
			isa = PBXTargetDependency;
			target = 93B6746026127C13009CB5C3 /* AppFilmes */;
			targetProxy = 93B6748426127C16009CB5C3 /* PBXContainerItemProxy */;
		};
/* End PBXTargetDependency section */

/* Begin PBXVariantGroup section */
		93B6746826127C13009CB5C3 /* Main.storyboard */ = {
			isa = PBXVariantGroup;
			children = (
				93B6746926127C13009CB5C3 /* Base */,
			);
			name = Main.storyboard;
			sourceTree = "<group>";
		};
		93B6747026127C16009CB5C3 /* LaunchScreen.storyboard */ = {
			isa = PBXVariantGroup;
			children = (
				93B6747126127C16009CB5C3 /* Base */,
			);
			name = LaunchScreen.storyboard;
			sourceTree = "<group>";
		};
/* End PBXVariantGroup section */

/* Begin XCBuildConfiguration section */
		93B6748A26127C16009CB5C3 /* Debug */ = {
			isa = XCBuildConfiguration;
			buildSettings = {
				ALWAYS_SEARCH_USER_PATHS = NO;
				CLANG_ANALYZER_NONNULL = YES;
				CLANG_ANALYZER_NUMBER_OBJECT_CONVERSION = YES_AGGRESSIVE;
				CLANG_CXX_LANGUAGE_STANDARD = "gnu++14";
				CLANG_CXX_LIBRARY = "libc++";
				CLANG_ENABLE_MODULES = YES;
				CLANG_ENABLE_OBJC_ARC = YES;
				CLANG_ENABLE_OBJC_WEAK = YES;
				CLANG_WARN_BLOCK_CAPTURE_AUTORELEASING = YES;
				CLANG_WARN_BOOL_CONVERSION = YES;
				CLANG_WARN_COMMA = YES;
				CLANG_WARN_CONSTANT_CONVERSION = YES;
				CLANG_WARN_DEPRECATED_OBJC_IMPLEMENTATIONS = YES;
				CLANG_WARN_DIRECT_OBJC_ISA_USAGE = YES_ERROR;
				CLANG_WARN_DOCUMENTATION_COMMENTS = YES;
				CLANG_WARN_EMPTY_BODY = YES;
				CLANG_WARN_ENUM_CONVERSION = YES;
				CLANG_WARN_INFINITE_RECURSION = YES;
				CLANG_WARN_INT_CONVERSION = YES;
				CLANG_WARN_NON_LITERAL_NULL_CONVERSION = YES;
				CLANG_WARN_OBJC_IMPLICIT_RETAIN_SELF = YES;
				CLANG_WARN_OBJC_LITERAL_CONVERSION = YES;
				CLANG_WARN_OBJC_ROOT_CLASS = YES_ERROR;
				CLANG_WARN_QUOTED_INCLUDE_IN_FRAMEWORK_HEADER = YES;
				CLANG_WARN_RANGE_LOOP_ANALYSIS = YES;
				CLANG_WARN_STRICT_PROTOTYPES = YES;
				CLANG_WARN_SUSPICIOUS_MOVE = YES;
				CLANG_WARN_UNGUARDED_AVAILABILITY = YES_AGGRESSIVE;
				CLANG_WARN_UNREACHABLE_CODE = YES;
				CLANG_WARN__DUPLICATE_METHOD_MATCH = YES;
				CODE_SIGN_IDENTITY = "iPhone Developer";
				COPY_PHASE_STRIP = NO;
				DEBUG_INFORMATION_FORMAT = dwarf;
				ENABLE_STRICT_OBJC_MSGSEND = YES;
				ENABLE_TESTABILITY = YES;
				GCC_C_LANGUAGE_STANDARD = gnu11;
				GCC_DYNAMIC_NO_PIC = NO;
				GCC_NO_COMMON_BLOCKS = YES;
				GCC_OPTIMIZATION_LEVEL = 0;
				GCC_PREPROCESSOR_DEFINITIONS = (
					"DEBUG=1",
					"$(inherited)",
				);
				GCC_WARN_64_TO_32_BIT_CONVERSION = YES;
				GCC_WARN_ABOUT_RETURN_TYPE = YES_ERROR;
				GCC_WARN_UNDECLARED_SELECTOR = YES;
				GCC_WARN_UNINITIALIZED_AUTOS = YES_AGGRESSIVE;
				GCC_WARN_UNUSED_FUNCTION = YES;
				GCC_WARN_UNUSED_VARIABLE = YES;
				IPHONEOS_DEPLOYMENT_TARGET = 12.0;
				MTL_ENABLE_DEBUG_INFO = INCLUDE_SOURCE;
				MTL_FAST_MATH = YES;
				ONLY_ACTIVE_ARCH = YES;
				SDKROOT = iphoneos;
				SWIFT_ACTIVE_COMPILATION_CONDITIONS = DEBUG;
				SWIFT_OPTIMIZATION_LEVEL = "-Onone";
			};
			name = Debug;
		};
		93B6748B26127C16009CB5C3 /* Release */ = {
			isa = XCBuildConfiguration;
			buildSettings = {
				ALWAYS_SEARCH_USER_PATHS = NO;
				CLANG_ANALYZER_NONNULL = YES;
				CLANG_ANALYZER_NUMBER_OBJECT_CONVERSION = YES_AGGRESSIVE;
				CLANG_CXX_LANGUAGE_STANDARD = "gnu++14";
				CLANG_CXX_LIBRARY = "libc++";
				CLANG_ENABLE_MODULES = YES;
				CLANG_ENABLE_OBJC_ARC = YES;
				CLANG_ENABLE_OBJC_WEAK = YES;
				CLANG_WARN_BLOCK_CAPTURE_AUTORELEASING = YES;
				CLANG_WARN_BOOL_CONVERSION = YES;
				CLANG_WARN_COMMA = YES;
				CLANG_WARN_CONSTANT_CONVERSION = YES;
				CLANG_WARN_DEPRECATED_OBJC_IMPLEMENTATIONS = YES;
				CLANG_WARN_DIRECT_OBJC_ISA_USAGE = YES_ERROR;
				CLANG_WARN_DOCUMENTATION_COMMENTS = YES;
				CLANG_WARN_EMPTY_BODY = YES;
				CLANG_WARN_ENUM_CONVERSION = YES;
				CLANG_WARN_INFINITE_RECURSION = YES;
				CLANG_WARN_INT_CONVERSION = YES;
				CLANG_WARN_NON_LITERAL_NULL_CONVERSION = YES;
				CLANG_WARN_OBJC_IMPLICIT_RETAIN_SELF = YES;
				CLANG_WARN_OBJC_LITERAL_CONVERSION = YES;
				CLANG_WARN_OBJC_ROOT_CLASS = YES_ERROR;
				CLANG_WARN_QUOTED_INCLUDE_IN_FRAMEWORK_HEADER = YES;
				CLANG_WARN_RANGE_LOOP_ANALYSIS = YES;
				CLANG_WARN_STRICT_PROTOTYPES = YES;
				CLANG_WARN_SUSPICIOUS_MOVE = YES;
				CLANG_WARN_UNGUARDED_AVAILABILITY = YES_AGGRESSIVE;
				CLANG_WARN_UNREACHABLE_CODE = YES;
				CLANG_WARN__DUPLICATE_METHOD_MATCH = YES;
				CODE_SIGN_IDENTITY = "iPhone Developer";
				COPY_PHASE_STRIP = NO;
				DEBUG_INFORMATION_FORMAT = "dwarf-with-dsym";
				ENABLE_NS_ASSERTIONS = NO;
				ENABLE_STRICT_OBJC_MSGSEND = YES;
				GCC_C_LANGUAGE_STANDARD = gnu11;
				GCC_NO_COMMON_BLOCKS = YES;
				GCC_WARN_64_TO_32_BIT_CONVERSION = YES;
				GCC_WARN_ABOUT_RETURN_TYPE = YES_ERROR;
				GCC_WARN_UNDECLARED_SELECTOR = YES;
				GCC_WARN_UNINITIALIZED_AUTOS = YES_AGGRESSIVE;
				GCC_WARN_UNUSED_FUNCTION = YES;
				GCC_WARN_UNUSED_VARIABLE = YES;
				IPHONEOS_DEPLOYMENT_TARGET = 12.0;
				MTL_ENABLE_DEBUG_INFO = NO;
				MTL_FAST_MATH = YES;
				SDKROOT = iphoneos;
				SWIFT_COMPILATION_MODE = wholemodule;
				SWIFT_OPTIMIZATION_LEVEL = "-O";
				VALIDATE_PRODUCT = YES;
			};
			name = Release;
		};
		93B6748D26127C16009CB5C3 /* Debug */ = {
			isa = XCBuildConfiguration;
			baseConfigurationReference = 9F4B2DF6A10B5E51D03D0D90 /* Pods-AppFilmes.debug.xcconfig */;
			buildSettings = {
				ASSETCATALOG_COMPILER_APPICON_NAME = AppIcon;
				CODE_SIGN_STYLE = Automatic;
				INFOPLIST_FILE = AppFilmes/Info.plist;
				IPHONEOS_DEPLOYMENT_TARGET = 11.4;
				LD_RUNPATH_SEARCH_PATHS = (
					"$(inherited)",
					"@executable_path/Frameworks",
				);
				PRODUCT_BUNDLE_IDENTIFIER = br.com.AppFilmes;
				PRODUCT_NAME = "$(TARGET_NAME)";
				SWIFT_VERSION = 4.2;
				TARGETED_DEVICE_FAMILY = 1;
			};
			name = Debug;
		};
		93B6748E26127C16009CB5C3 /* Release */ = {
			isa = XCBuildConfiguration;
			baseConfigurationReference = 0730FE028D60A150E9CF98DF /* Pods-AppFilmes.release.xcconfig */;
			buildSettings = {
				ASSETCATALOG_COMPILER_APPICON_NAME = AppIcon;
				CODE_SIGN_STYLE = Automatic;
				INFOPLIST_FILE = AppFilmes/Info.plist;
				IPHONEOS_DEPLOYMENT_TARGET = 11.4;
				LD_RUNPATH_SEARCH_PATHS = (
					"$(inherited)",
					"@executable_path/Frameworks",
				);
				PRODUCT_BUNDLE_IDENTIFIER = br.com.AppFilmes;
				PRODUCT_NAME = "$(TARGET_NAME)";
				SWIFT_VERSION = 4.2;
				TARGETED_DEVICE_FAMILY = 1;
			};
			name = Release;
		};
		93B6749026127C16009CB5C3 /* Debug */ = {
			isa = XCBuildConfiguration;
			baseConfigurationReference = A126AD7D48A34EA9F193CD99 /* Pods-AppFilmesTests.debug.xcconfig */;
			buildSettings = {
				ALWAYS_EMBED_SWIFT_STANDARD_LIBRARIES = YES;
				BUNDLE_LOADER = "$(TEST_HOST)";
				CODE_SIGN_STYLE = Automatic;
				INFOPLIST_FILE = AppFilmesTests/Info.plist;
				LD_RUNPATH_SEARCH_PATHS = (
					"$(inherited)",
					"@executable_path/Frameworks",
					"@loader_path/Frameworks",
				);
				PRODUCT_BUNDLE_IDENTIFIER = br.com.AppFilmesTests;
				PRODUCT_NAME = "$(TARGET_NAME)";
				SWIFT_VERSION = 4.2;
				TARGETED_DEVICE_FAMILY = "1,2";
				TEST_HOST = "$(BUILT_PRODUCTS_DIR)/AppFilmes.app/AppFilmes";
			};
			name = Debug;
		};
		93B6749126127C16009CB5C3 /* Release */ = {
			isa = XCBuildConfiguration;
			baseConfigurationReference = D3DD33DDE24B03FEF1418874 /* Pods-AppFilmesTests.release.xcconfig */;
			buildSettings = {
				ALWAYS_EMBED_SWIFT_STANDARD_LIBRARIES = YES;
				BUNDLE_LOADER = "$(TEST_HOST)";
				CODE_SIGN_STYLE = Automatic;
				INFOPLIST_FILE = AppFilmesTests/Info.plist;
				LD_RUNPATH_SEARCH_PATHS = (
					"$(inherited)",
					"@executable_path/Frameworks",
					"@loader_path/Frameworks",
				);
				PRODUCT_BUNDLE_IDENTIFIER = br.com.AppFilmesTests;
				PRODUCT_NAME = "$(TARGET_NAME)";
				SWIFT_VERSION = 4.2;
				TARGETED_DEVICE_FAMILY = "1,2";
				TEST_HOST = "$(BUILT_PRODUCTS_DIR)/AppFilmes.app/AppFilmes";
			};
			name = Release;
		};
		93B6749326127C16009CB5C3 /* Debug */ = {
			isa = XCBuildConfiguration;
			baseConfigurationReference = FDCED980DA4FB3FE8AC11A26 /* Pods-AppFilmes-AppFilmesUITests.debug.xcconfig */;
			buildSettings = {
				ALWAYS_EMBED_SWIFT_STANDARD_LIBRARIES = YES;
				CODE_SIGN_STYLE = Automatic;
				INFOPLIST_FILE = AppFilmesUITests/Info.plist;
				LD_RUNPATH_SEARCH_PATHS = (
					"$(inherited)",
					"@executable_path/Frameworks",
					"@loader_path/Frameworks",
				);
				PRODUCT_BUNDLE_IDENTIFIER = br.com.AppFilmesUITests;
				PRODUCT_NAME = "$(TARGET_NAME)";
				SWIFT_VERSION = 4.2;
				TARGETED_DEVICE_FAMILY = "1,2";
				TEST_TARGET_NAME = AppFilmes;
			};
			name = Debug;
		};
		93B6749426127C16009CB5C3 /* Release */ = {
			isa = XCBuildConfiguration;
			baseConfigurationReference = 0CBB3838FE7B55BE988F7E28 /* Pods-AppFilmes-AppFilmesUITests.release.xcconfig */;
			buildSettings = {
				ALWAYS_EMBED_SWIFT_STANDARD_LIBRARIES = YES;
				CODE_SIGN_STYLE = Automatic;
				INFOPLIST_FILE = AppFilmesUITests/Info.plist;
				LD_RUNPATH_SEARCH_PATHS = (
					"$(inherited)",
					"@executable_path/Frameworks",
					"@loader_path/Frameworks",
				);
				PRODUCT_BUNDLE_IDENTIFIER = br.com.AppFilmesUITests;
				PRODUCT_NAME = "$(TARGET_NAME)";
				SWIFT_VERSION = 4.2;
				TARGETED_DEVICE_FAMILY = "1,2";
				TEST_TARGET_NAME = AppFilmes;
			};
			name = Release;
		};
/* End XCBuildConfiguration section */

/* Begin XCConfigurationList section */
		93B6745C26127C13009CB5C3 /* Build configuration list for PBXProject "AppFilmes" */ = {
			isa = XCConfigurationList;
			buildConfigurations = (
				93B6748A26127C16009CB5C3 /* Debug */,
				93B6748B26127C16009CB5C3 /* Release */,
			);
			defaultConfigurationIsVisible = 0;
			defaultConfigurationName = Release;
		};
		93B6748C26127C16009CB5C3 /* Build configuration list for PBXNativeTarget "AppFilmes" */ = {
			isa = XCConfigurationList;
			buildConfigurations = (
				93B6748D26127C16009CB5C3 /* Debug */,
				93B6748E26127C16009CB5C3 /* Release */,
			);
			defaultConfigurationIsVisible = 0;
			defaultConfigurationName = Release;
		};
		93B6748F26127C16009CB5C3 /* Build configuration list for PBXNativeTarget "AppFilmesTests" */ = {
			isa = XCConfigurationList;
			buildConfigurations = (
				93B6749026127C16009CB5C3 /* Debug */,
				93B6749126127C16009CB5C3 /* Release */,
			);
			defaultConfigurationIsVisible = 0;
			defaultConfigurationName = Release;
		};
		93B6749226127C16009CB5C3 /* Build configuration list for PBXNativeTarget "AppFilmesUITests" */ = {
			isa = XCConfigurationList;
			buildConfigurations = (
				93B6749326127C16009CB5C3 /* Debug */,
				93B6749426127C16009CB5C3 /* Release */,
			);
			defaultConfigurationIsVisible = 0;
			defaultConfigurationName = Release;
		};
/* End XCConfigurationList section */

/* Begin XCVersionGroup section */
		93B6746B26127C13009CB5C3 /* AppFilmes.xcdatamodeld */ = {
			isa = XCVersionGroup;
			children = (
				93B6746C26127C13009CB5C3 /* AppFilmes.xcdatamodel */,
			);
			currentVersion = 93B6746C26127C13009CB5C3 /* AppFilmes.xcdatamodel */;
			path = AppFilmes.xcdatamodeld;
			sourceTree = "<group>";
			versionGroupType = wrapper.xcdatamodel;
		};
/* End XCVersionGroup section */
	};
	rootObject = 93B6745926127C13009CB5C3 /* Project object */;
}
