// !$*UTF8*$!
{
	archiveVersion = 1;
	classes = {
	};
	objectVersion = 51;
	objects = {

/* Begin PBXBuildFile section */
		07281F943E242316C070445E /* Pods_AppFilmes.framework in Frameworks */ = {isa = PBXBuildFile; fileRef = E93C948CD1E8BB80F55FF96C /* Pods_AppFilmes.framework */; };
		164955022AD8B3FAF381AB4C /* Pods_AppFilmes_AppFilmesUITests.framework in Frameworks */ = {isa = PBXBuildFile; fileRef = 64808C45EC4FC4444A528C71 /* Pods_AppFilmes_AppFilmesUITests.framework */; };
		38397B5E3FFB32F5CE87BE34 /* Pods_AppFilmesTests.framework in Frameworks */ = {isa = PBXBuildFile; fileRef = 4D265252883EF947701C817F /* Pods_AppFilmesTests.framework */; };
		9332CAE92611029100C129B2 /* HomeFilmesCollectionViewCell.swift in Sources */ = {isa = PBXBuildFile; fileRef = 9332CAE82611029100C129B2 /* HomeFilmesCollectionViewCell.swift */; };
		93B67451261231EE009CB5C3 /* Filmes.swift in Sources */ = {isa = PBXBuildFile; fileRef = 93B67450261231EE009CB5C3 /* Filmes.swift */; };
		93B68953261047DE00296C6B /* AppDelegate.swift in Sources */ = {isa = PBXBuildFile; fileRef = 93B68952261047DE00296C6B /* AppDelegate.swift */; };
		93B68955261047DE00296C6B /* ViewController.swift in Sources */ = {isa = PBXBuildFile; fileRef = 93B68954261047DE00296C6B /* ViewController.swift */; };
		93B68958261047DE00296C6B /* Main.storyboard in Resources */ = {isa = PBXBuildFile; fileRef = 93B68956261047DE00296C6B /* Main.storyboard */; };
		93B6895B261047DE00296C6B /* AppFilmes.xcdatamodeld in Sources */ = {isa = PBXBuildFile; fileRef = 93B68959261047DE00296C6B /* AppFilmes.xcdatamodeld */; };
		93B6895D261047E200296C6B /* Assets.xcassets in Resources */ = {isa = PBXBuildFile; fileRef = 93B6895C261047E200296C6B /* Assets.xcassets */; };
		93B68960261047E200296C6B /* LaunchScreen.storyboard in Resources */ = {isa = PBXBuildFile; fileRef = 93B6895E261047E200296C6B /* LaunchScreen.storyboard */; };
		93B6896B261047E200296C6B /* AppFilmesTests.swift in Sources */ = {isa = PBXBuildFile; fileRef = 93B6896A261047E200296C6B /* AppFilmesTests.swift */; };
		93B68976261047E200296C6B /* AppFilmesUITests.swift in Sources */ = {isa = PBXBuildFile; fileRef = 93B68975261047E200296C6B /* AppFilmesUITests.swift */; };
/* End PBXBuildFile section */

/* Begin PBXContainerItemProxy section */
		93B68967261047E200296C6B /* PBXContainerItemProxy */ = {
			isa = PBXContainerItemProxy;
			containerPortal = 93B68947261047DE00296C6B /* Project object */;
			proxyType = 1;
			remoteGlobalIDString = 93B6894E261047DE00296C6B;
			remoteInfo = AppFilmes;
		};
		93B68972261047E200296C6B /* PBXContainerItemProxy */ = {
			isa = PBXContainerItemProxy;
			containerPortal = 93B68947261047DE00296C6B /* Project object */;
			proxyType = 1;
			remoteGlobalIDString = 93B6894E261047DE00296C6B;
			remoteInfo = AppFilmes;
		};
/* End PBXContainerItemProxy section */

/* Begin PBXFileReference section */
		0E9A90A511A7A87EFF2C5744 /* Pods-AppFilmes-AppFilmesUITests.release.xcconfig */ = {isa = PBXFileReference; includeInIndex = 1; lastKnownFileType = text.xcconfig; name = "Pods-AppFilmes-AppFilmesUITests.release.xcconfig"; path = "Target Support Files/Pods-AppFilmes-AppFilmesUITests/Pods-AppFilmes-AppFilmesUITests.release.xcconfig"; sourceTree = "<group>"; };
		25A872ACE7C36FF810DC5CCB /* Pods-AppFilmes.debug.xcconfig */ = {isa = PBXFileReference; includeInIndex = 1; lastKnownFileType = text.xcconfig; name = "Pods-AppFilmes.debug.xcconfig"; path = "Target Support Files/Pods-AppFilmes/Pods-AppFilmes.debug.xcconfig"; sourceTree = "<group>"; };
		2943E1B1BE7E95E8406A49F3 /* Pods-AppFilmes.release.xcconfig */ = {isa = PBXFileReference; includeInIndex = 1; lastKnownFileType = text.xcconfig; name = "Pods-AppFilmes.release.xcconfig"; path = "Target Support Files/Pods-AppFilmes/Pods-AppFilmes.release.xcconfig"; sourceTree = "<group>"; };
		4D265252883EF947701C817F /* Pods_AppFilmesTests.framework */ = {isa = PBXFileReference; explicitFileType = wrapper.framework; includeInIndex = 0; path = Pods_AppFilmesTests.framework; sourceTree = BUILT_PRODUCTS_DIR; };
		64808C45EC4FC4444A528C71 /* Pods_AppFilmes_AppFilmesUITests.framework */ = {isa = PBXFileReference; explicitFileType = wrapper.framework; includeInIndex = 0; path = Pods_AppFilmes_AppFilmesUITests.framework; sourceTree = BUILT_PRODUCTS_DIR; };
		8D4251B3CB5131782410AE80 /* Pods-AppFilmesTests.release.xcconfig */ = {isa = PBXFileReference; includeInIndex = 1; lastKnownFileType = text.xcconfig; name = "Pods-AppFilmesTests.release.xcconfig"; path = "Target Support Files/Pods-AppFilmesTests/Pods-AppFilmesTests.release.xcconfig"; sourceTree = "<group>"; };
		9332CAE82611029100C129B2 /* HomeFilmesCollectionViewCell.swift */ = {isa = PBXFileReference; lastKnownFileType = sourcecode.swift; path = HomeFilmesCollectionViewCell.swift; sourceTree = "<group>"; };
		93B67450261231EE009CB5C3 /* Filmes.swift */ = {isa = PBXFileReference; lastKnownFileType = sourcecode.swift; path = Filmes.swift; sourceTree = "<group>"; };
		93B6894F261047DE00296C6B /* AppFilmes.app */ = {isa = PBXFileReference; explicitFileType = wrapper.application; includeInIndex = 0; path = AppFilmes.app; sourceTree = BUILT_PRODUCTS_DIR; };
		93B68952261047DE00296C6B /* AppDelegate.swift */ = {isa = PBXFileReference; lastKnownFileType = sourcecode.swift; path = AppDelegate.swift; sourceTree = "<group>"; };
		93B68954261047DE00296C6B /* ViewController.swift */ = {isa = PBXFileReference; lastKnownFileType = sourcecode.swift; path = ViewController.swift; sourceTree = "<group>"; };
		93B68957261047DE00296C6B /* Base */ = {isa = PBXFileReference; lastKnownFileType = file.storyboard; name = Base; path = Base.lproj/Main.storyboard; sourceTree = "<group>"; };
		93B6895A261047DE00296C6B /* AppFilmes.xcdatamodel */ = {isa = PBXFileReference; lastKnownFileType = wrapper.xcdatamodel; path = AppFilmes.xcdatamodel; sourceTree = "<group>"; };
		93B6895C261047E200296C6B /* Assets.xcassets */ = {isa = PBXFileReference; lastKnownFileType = folder.assetcatalog; path = Assets.xcassets; sourceTree = "<group>"; };
		93B6895F261047E200296C6B /* Base */ = {isa = PBXFileReference; lastKnownFileType = file.storyboard; name = Base; path = Base.lproj/LaunchScreen.storyboard; sourceTree = "<group>"; };
		93B68961261047E200296C6B /* Info.plist */ = {isa = PBXFileReference; lastKnownFileType = text.plist.xml; path = Info.plist; sourceTree = "<group>"; };
		93B68966261047E200296C6B /* AppFilmesTests.xctest */ = {isa = PBXFileReference; explicitFileType = wrapper.cfbundle; includeInIndex = 0; path = AppFilmesTests.xctest; sourceTree = BUILT_PRODUCTS_DIR; };
		93B6896A261047E200296C6B /* AppFilmesTests.swift */ = {isa = PBXFileReference; lastKnownFileType = sourcecode.swift; path = AppFilmesTests.swift; sourceTree = "<group>"; };
		93B6896C261047E200296C6B /* Info.plist */ = {isa = PBXFileReference; lastKnownFileType = text.plist.xml; path = Info.plist; sourceTree = "<group>"; };
		93B68971261047E200296C6B /* AppFilmesUITests.xctest */ = {isa = PBXFileReference; explicitFileType = wrapper.cfbundle; includeInIndex = 0; path = AppFilmesUITests.xctest; sourceTree = BUILT_PRODUCTS_DIR; };
		93B68975261047E200296C6B /* AppFilmesUITests.swift */ = {isa = PBXFileReference; lastKnownFileType = sourcecode.swift; path = AppFilmesUITests.swift; sourceTree = "<group>"; };
		93B68977261047E200296C6B /* Info.plist */ = {isa = PBXFileReference; lastKnownFileType = text.plist.xml; path = Info.plist; sourceTree = "<group>"; };
		AD27855EAE060ED4B89D8C90 /* Pods-AppFilmesTests.debug.xcconfig */ = {isa = PBXFileReference; includeInIndex = 1; lastKnownFileType = text.xcconfig; name = "Pods-AppFilmesTests.debug.xcconfig"; path = "Target Support Files/Pods-AppFilmesTests/Pods-AppFilmesTests.debug.xcconfig"; sourceTree = "<group>"; };
		D935700C737CBF6F3AA28E80 /* Pods-AppFilmes-AppFilmesUITests.debug.xcconfig */ = {isa = PBXFileReference; includeInIndex = 1; lastKnownFileType = text.xcconfig; name = "Pods-AppFilmes-AppFilmesUITests.debug.xcconfig"; path = "Target Support Files/Pods-AppFilmes-AppFilmesUITests/Pods-AppFilmes-AppFilmesUITests.debug.xcconfig"; sourceTree = "<group>"; };
		E93C948CD1E8BB80F55FF96C /* Pods_AppFilmes.framework */ = {isa = PBXFileReference; explicitFileType = wrapper.framework; includeInIndex = 0; path = Pods_AppFilmes.framework; sourceTree = BUILT_PRODUCTS_DIR; };
/* End PBXFileReference section */

/* Begin PBXFrameworksBuildPhase section */
		93B6894C261047DE00296C6B /* Frameworks */ = {
			isa = PBXFrameworksBuildPhase;
			buildActionMask = 2147483647;
			files = (
				07281F943E242316C070445E /* Pods_AppFilmes.framework in Frameworks */,
			);
			runOnlyForDeploymentPostprocessing = 0;
		};
		93B68963261047E200296C6B /* Frameworks */ = {
			isa = PBXFrameworksBuildPhase;
			buildActionMask = 2147483647;
			files = (
				38397B5E3FFB32F5CE87BE34 /* Pods_AppFilmesTests.framework in Frameworks */,
			);
			runOnlyForDeploymentPostprocessing = 0;
		};
		93B6896E261047E200296C6B /* Frameworks */ = {
			isa = PBXFrameworksBuildPhase;
			buildActionMask = 2147483647;
			files = (
				164955022AD8B3FAF381AB4C /* Pods_AppFilmes_AppFilmesUITests.framework in Frameworks */,
			);
			runOnlyForDeploymentPostprocessing = 0;
		};
/* End PBXFrameworksBuildPhase section */

/* Begin PBXGroup section */
		62B8A7B4358BA84EBD602272 /* Pods */ = {
			isa = PBXGroup;
			children = (
				25A872ACE7C36FF810DC5CCB /* Pods-AppFilmes.debug.xcconfig */,
				2943E1B1BE7E95E8406A49F3 /* Pods-AppFilmes.release.xcconfig */,
				D935700C737CBF6F3AA28E80 /* Pods-AppFilmes-AppFilmesUITests.debug.xcconfig */,
				0E9A90A511A7A87EFF2C5744 /* Pods-AppFilmes-AppFilmesUITests.release.xcconfig */,
				AD27855EAE060ED4B89D8C90 /* Pods-AppFilmesTests.debug.xcconfig */,
				8D4251B3CB5131782410AE80 /* Pods-AppFilmesTests.release.xcconfig */,
			);
			path = Pods;
			sourceTree = "<group>";
		};
		9332CAEB26111BB000C129B2 /* Model */ = {
			isa = PBXGroup;
			children = (
			);
			path = Model;
			sourceTree = "<group>";
		};
		9332CAEC26111BB900C129B2 /* View */ = {
			isa = PBXGroup;
			children = (
			);
			path = View;
			sourceTree = "<group>";
		};
		9332CAED26111BC200C129B2 /* Controller */ = {
			isa = PBXGroup;
			children = (
			);
			path = Controller;
			sourceTree = "<group>";
		};
		93B68946261047DE00296C6B = {
			isa = PBXGroup;
			children = (
				93B68951261047DE00296C6B /* AppFilmes */,
				93B68969261047E200296C6B /* AppFilmesTests */,
				93B68974261047E200296C6B /* AppFilmesUITests */,
				93B68950261047DE00296C6B /* Products */,
				62B8A7B4358BA84EBD602272 /* Pods */,
				EAAACC5C4580EF906A124132 /* Frameworks */,
			);
			sourceTree = "<group>";
		};
		93B68950261047DE00296C6B /* Products */ = {
			isa = PBXGroup;
			children = (
				93B6894F261047DE00296C6B /* AppFilmes.app */,
				93B68966261047E200296C6B /* AppFilmesTests.xctest */,
				93B68971261047E200296C6B /* AppFilmesUITests.xctest */,
			);
			name = Products;
			sourceTree = "<group>";
		};
		93B68951261047DE00296C6B /* AppFilmes */ = {
			isa = PBXGroup;
			children = (
				9332CAED26111BC200C129B2 /* Controller */,
				9332CAEC26111BB900C129B2 /* View */,
				9332CAEB26111BB000C129B2 /* Model */,
				93B68952261047DE00296C6B /* AppDelegate.swift */,
				93B68954261047DE00296C6B /* ViewController.swift */,
				9332CAE82611029100C129B2 /* HomeFilmesCollectionViewCell.swift */,
				93B67450261231EE009CB5C3 /* Filmes.swift */,
				93B68956261047DE00296C6B /* Main.storyboard */,
				93B6895E261047E200296C6B /* LaunchScreen.storyboard */,
				93B6895C261047E200296C6B /* Assets.xcassets */,
				93B68961261047E200296C6B /* Info.plist */,
				93B68959261047DE00296C6B /* AppFilmes.xcdatamodeld */,
			);
			path = AppFilmes;
			sourceTree = "<group>";
		};
		93B68969261047E200296C6B /* AppFilmesTests */ = {
			isa = PBXGroup;
			children = (
				93B6896A261047E200296C6B /* AppFilmesTests.swift */,
				93B6896C261047E200296C6B /* Info.plist */,
			);
			path = AppFilmesTests;
			sourceTree = "<group>";
		};
		93B68974261047E200296C6B /* AppFilmesUITests */ = {
			isa = PBXGroup;
			children = (
				93B68975261047E200296C6B /* AppFilmesUITests.swift */,
				93B68977261047E200296C6B /* Info.plist */,
			);
			path = AppFilmesUITests;
			sourceTree = "<group>";
		};
		EAAACC5C4580EF906A124132 /* Frameworks */ = {
			isa = PBXGroup;
			children = (
				E93C948CD1E8BB80F55FF96C /* Pods_AppFilmes.framework */,
				64808C45EC4FC4444A528C71 /* Pods_AppFilmes_AppFilmesUITests.framework */,
				4D265252883EF947701C817F /* Pods_AppFilmesTests.framework */,
			);
			name = Frameworks;
			sourceTree = "<group>";
		};
/* End PBXGroup section */

/* Begin PBXNativeTarget section */
		93B6894E261047DE00296C6B /* AppFilmes */ = {
			isa = PBXNativeTarget;
			buildConfigurationList = 93B6897A261047E200296C6B /* Build configuration list for PBXNativeTarget "AppFilmes" */;
			buildPhases = (
				51C4D210E8F33D2E4FA4BDB3 /* [CP] Check Pods Manifest.lock */,
				93B6894B261047DE00296C6B /* Sources */,
				93B6894C261047DE00296C6B /* Frameworks */,
				93B6894D261047DE00296C6B /* Resources */,
				48D2DA2E3D8EDC4503C53779 /* [CP] Embed Pods Frameworks */,
			);
			buildRules = (
			);
			dependencies = (
			);
			name = AppFilmes;
			productName = AppFilmes;
			productReference = 93B6894F261047DE00296C6B /* AppFilmes.app */;
			productType = "com.apple.product-type.application";
		};
		93B68965261047E200296C6B /* AppFilmesTests */ = {
			isa = PBXNativeTarget;
			buildConfigurationList = 93B6897D261047E200296C6B /* Build configuration list for PBXNativeTarget "AppFilmesTests" */;
			buildPhases = (
				B55DDED224F647C34C5D7766 /* [CP] Check Pods Manifest.lock */,
				93B68962261047E200296C6B /* Sources */,
				93B68963261047E200296C6B /* Frameworks */,
				93B68964261047E200296C6B /* Resources */,
			);
			buildRules = (
			);
			dependencies = (
				93B68968261047E200296C6B /* PBXTargetDependency */,
			);
			name = AppFilmesTests;
			productName = AppFilmesTests;
			productReference = 93B68966261047E200296C6B /* AppFilmesTests.xctest */;
			productType = "com.apple.product-type.bundle.unit-test";
		};
		93B68970261047E200296C6B /* AppFilmesUITests */ = {
			isa = PBXNativeTarget;
			buildConfigurationList = 93B68980261047E200296C6B /* Build configuration list for PBXNativeTarget "AppFilmesUITests" */;
			buildPhases = (
				88E7703057AB03574459A5BB /* [CP] Check Pods Manifest.lock */,
				93B6896D261047E200296C6B /* Sources */,
				93B6896E261047E200296C6B /* Frameworks */,
				93B6896F261047E200296C6B /* Resources */,
				620D63084D4530FE7D503BD4 /* [CP] Embed Pods Frameworks */,
			);
			buildRules = (
			);
			dependencies = (
				93B68973261047E200296C6B /* PBXTargetDependency */,
			);
			name = AppFilmesUITests;
			productName = AppFilmesUITests;
			productReference = 93B68971261047E200296C6B /* AppFilmesUITests.xctest */;
			productType = "com.apple.product-type.bundle.ui-testing";
		};
/* End PBXNativeTarget section */

/* Begin PBXProject section */
		93B68947261047DE00296C6B /* Project object */ = {
			isa = PBXProject;
			attributes = {
				LastSwiftUpdateCheck = 1010;
				LastUpgradeCheck = 1010;
				ORGANIZATIONNAME = "Tabata Sabrina Sutili";
				TargetAttributes = {
					93B6894E261047DE00296C6B = {
						CreatedOnToolsVersion = 10.1;
					};
					93B68965261047E200296C6B = {
						CreatedOnToolsVersion = 10.1;
						TestTargetID = 93B6894E261047DE00296C6B;
					};
					93B68970261047E200296C6B = {
						CreatedOnToolsVersion = 10.1;
						TestTargetID = 93B6894E261047DE00296C6B;
					};
				};
			};
			buildConfigurationList = 93B6894A261047DE00296C6B /* Build configuration list for PBXProject "AppFilmes" */;
			compatibilityVersion = "Xcode 9.3";
			developmentRegion = en;
			hasScannedForEncodings = 0;
			knownRegions = (
				en,
				Base,
			);
			mainGroup = 93B68946261047DE00296C6B;
			productRefGroup = 93B68950261047DE00296C6B /* Products */;
			projectDirPath = "";
			projectRoot = "";
			targets = (
				93B6894E261047DE00296C6B /* AppFilmes */,
				93B68965261047E200296C6B /* AppFilmesTests */,
				93B68970261047E200296C6B /* AppFilmesUITests */,
			);
		};
/* End PBXProject section */

/* Begin PBXResourcesBuildPhase section */
		93B6894D261047DE00296C6B /* Resources */ = {
			isa = PBXResourcesBuildPhase;
			buildActionMask = 2147483647;
			files = (
				93B68960261047E200296C6B /* LaunchScreen.storyboard in Resources */,
				93B6895D261047E200296C6B /* Assets.xcassets in Resources */,
				93B68958261047DE00296C6B /* Main.storyboard in Resources */,
			);
			runOnlyForDeploymentPostprocessing = 0;
		};
		93B68964261047E200296C6B /* Resources */ = {
			isa = PBXResourcesBuildPhase;
			buildActionMask = 2147483647;
			files = (
			);
			runOnlyForDeploymentPostprocessing = 0;
		};
		93B6896F261047E200296C6B /* Resources */ = {
			isa = PBXResourcesBuildPhase;
			buildActionMask = 2147483647;
			files = (
			);
			runOnlyForDeploymentPostprocessing = 0;
		};
/* End PBXResourcesBuildPhase section */

/* Begin PBXShellScriptBuildPhase section */
		48D2DA2E3D8EDC4503C53779 /* [CP] Embed Pods Frameworks */ = {
			isa = PBXShellScriptBuildPhase;
			buildActionMask = 2147483647;
			files = (
			);
			inputFileListPaths = (
				"${PODS_ROOT}/Target Support Files/Pods-AppFilmes/Pods-AppFilmes-frameworks-${CONFIGURATION}-input-files.xcfilelist",
			);
			name = "[CP] Embed Pods Frameworks";
			outputFileListPaths = (
				"${PODS_ROOT}/Target Support Files/Pods-AppFilmes/Pods-AppFilmes-frameworks-${CONFIGURATION}-output-files.xcfilelist",
			);
			runOnlyForDeploymentPostprocessing = 0;
			shellPath = /bin/sh;
			shellScript = "\"${PODS_ROOT}/Target Support Files/Pods-AppFilmes/Pods-AppFilmes-frameworks.sh\"\n";
			showEnvVarsInLog = 0;
		};
		51C4D210E8F33D2E4FA4BDB3 /* [CP] Check Pods Manifest.lock */ = {
			isa = PBXShellScriptBuildPhase;
			buildActionMask = 2147483647;
			files = (
			);
			inputFileListPaths = (
			);
			inputPaths = (
				"${PODS_PODFILE_DIR_PATH}/Podfile.lock",
				"${PODS_ROOT}/Manifest.lock",
			);
			name = "[CP] Check Pods Manifest.lock";
			outputFileListPaths = (
			);
			outputPaths = (
				"$(DERIVED_FILE_DIR)/Pods-AppFilmes-checkManifestLockResult.txt",
			);
			runOnlyForDeploymentPostprocessing = 0;
			shellPath = /bin/sh;
			shellScript = "diff \"${PODS_PODFILE_DIR_PATH}/Podfile.lock\" \"${PODS_ROOT}/Manifest.lock\" > /dev/null\nif [ $? != 0 ] ; then\n    # print error to STDERR\n    echo \"error: The sandbox is not in sync with the Podfile.lock. Run 'pod install' or update your CocoaPods installation.\" >&2\n    exit 1\nfi\n# This output is used by Xcode 'outputs' to avoid re-running this script phase.\necho \"SUCCESS\" > \"${SCRIPT_OUTPUT_FILE_0}\"\n";
			showEnvVarsInLog = 0;
		};
		620D63084D4530FE7D503BD4 /* [CP] Embed Pods Frameworks */ = {
			isa = PBXShellScriptBuildPhase;
			buildActionMask = 2147483647;
			files = (
			);
			inputFileListPaths = (
				"${PODS_ROOT}/Target Support Files/Pods-AppFilmes-AppFilmesUITests/Pods-AppFilmes-AppFilmesUITests-frameworks-${CONFIGURATION}-input-files.xcfilelist",
			);
			name = "[CP] Embed Pods Frameworks";
			outputFileListPaths = (
				"${PODS_ROOT}/Target Support Files/Pods-AppFilmes-AppFilmesUITests/Pods-AppFilmes-AppFilmesUITests-frameworks-${CONFIGURATION}-output-files.xcfilelist",
			);
			runOnlyForDeploymentPostprocessing = 0;
			shellPath = /bin/sh;
			shellScript = "\"${PODS_ROOT}/Target Support Files/Pods-AppFilmes-AppFilmesUITests/Pods-AppFilmes-AppFilmesUITests-frameworks.sh\"\n";
			showEnvVarsInLog = 0;
		};
		88E7703057AB03574459A5BB /* [CP] Check Pods Manifest.lock */ = {
			isa = PBXShellScriptBuildPhase;
			buildActionMask = 2147483647;
			files = (
			);
			inputFileListPaths = (
			);
			inputPaths = (
				"${PODS_PODFILE_DIR_PATH}/Podfile.lock",
				"${PODS_ROOT}/Manifest.lock",
			);
			name = "[CP] Check Pods Manifest.lock";
			outputFileListPaths = (
			);
			outputPaths = (
				"$(DERIVED_FILE_DIR)/Pods-AppFilmes-AppFilmesUITests-checkManifestLockResult.txt",
			);
			runOnlyForDeploymentPostprocessing = 0;
			shellPath = /bin/sh;
			shellScript = "diff \"${PODS_PODFILE_DIR_PATH}/Podfile.lock\" \"${PODS_ROOT}/Manifest.lock\" > /dev/null\nif [ $? != 0 ] ; then\n    # print error to STDERR\n    echo \"error: The sandbox is not in sync with the Podfile.lock. Run 'pod install' or update your CocoaPods installation.\" >&2\n    exit 1\nfi\n# This output is used by Xcode 'outputs' to avoid re-running this script phase.\necho \"SUCCESS\" > \"${SCRIPT_OUTPUT_FILE_0}\"\n";
			showEnvVarsInLog = 0;
		};
		B55DDED224F647C34C5D7766 /* [CP] Check Pods Manifest.lock */ = {
			isa = PBXShellScriptBuildPhase;
			buildActionMask = 2147483647;
			files = (
			);
			inputFileListPaths = (
			);
			inputPaths = (
				"${PODS_PODFILE_DIR_PATH}/Podfile.lock",
				"${PODS_ROOT}/Manifest.lock",
			);
			name = "[CP] Check Pods Manifest.lock";
			outputFileListPaths = (
			);
			outputPaths = (
				"$(DERIVED_FILE_DIR)/Pods-AppFilmesTests-checkManifestLockResult.txt",
			);
			runOnlyForDeploymentPostprocessing = 0;
			shellPath = /bin/sh;
			shellScript = "diff \"${PODS_PODFILE_DIR_PATH}/Podfile.lock\" \"${PODS_ROOT}/Manifest.lock\" > /dev/null\nif [ $? != 0 ] ; then\n    # print error to STDERR\n    echo \"error: The sandbox is not in sync with the Podfile.lock. Run 'pod install' or update your CocoaPods installation.\" >&2\n    exit 1\nfi\n# This output is used by Xcode 'outputs' to avoid re-running this script phase.\necho \"SUCCESS\" > \"${SCRIPT_OUTPUT_FILE_0}\"\n";
			showEnvVarsInLog = 0;
		};
/* End PBXShellScriptBuildPhase section */

/* Begin PBXSourcesBuildPhase section */
		93B6894B261047DE00296C6B /* Sources */ = {
			isa = PBXSourcesBuildPhase;
			buildActionMask = 2147483647;
			files = (
				93B68955261047DE00296C6B /* ViewController.swift in Sources */,
				9332CAE92611029100C129B2 /* HomeFilmesCollectionViewCell.swift in Sources */,
				93B6895B261047DE00296C6B /* AppFilmes.xcdatamodeld in Sources */,
				93B68953261047DE00296C6B /* AppDelegate.swift in Sources */,
				93B67451261231EE009CB5C3 /* Filmes.swift in Sources */,
			);
			runOnlyForDeploymentPostprocessing = 0;
		};
		93B68962261047E200296C6B /* Sources */ = {
			isa = PBXSourcesBuildPhase;
			buildActionMask = 2147483647;
			files = (
				93B6896B261047E200296C6B /* AppFilmesTests.swift in Sources */,
			);
			runOnlyForDeploymentPostprocessing = 0;
		};
		93B6896D261047E200296C6B /* Sources */ = {
			isa = PBXSourcesBuildPhase;
			buildActionMask = 2147483647;
			files = (
				93B68976261047E200296C6B /* AppFilmesUITests.swift in Sources */,
			);
			runOnlyForDeploymentPostprocessing = 0;
		};
/* End PBXSourcesBuildPhase section */

/* Begin PBXTargetDependency section */
		93B68968261047E200296C6B /* PBXTargetDependency */ = {
			isa = PBXTargetDependency;
			target = 93B6894E261047DE00296C6B /* AppFilmes */;
			targetProxy = 93B68967261047E200296C6B /* PBXContainerItemProxy */;
		};
		93B68973261047E200296C6B /* PBXTargetDependency */ = {
			isa = PBXTargetDependency;
			target = 93B6894E261047DE00296C6B /* AppFilmes */;
			targetProxy = 93B68972261047E200296C6B /* PBXContainerItemProxy */;
		};
/* End PBXTargetDependency section */

/* Begin PBXVariantGroup section */
		93B68956261047DE00296C6B /* Main.storyboard */ = {
			isa = PBXVariantGroup;
			children = (
				93B68957261047DE00296C6B /* Base */,
			);
			name = Main.storyboard;
			sourceTree = "<group>";
		};
		93B6895E261047E200296C6B /* LaunchScreen.storyboard */ = {
			isa = PBXVariantGroup;
			children = (
				93B6895F261047E200296C6B /* Base */,
			);
			name = LaunchScreen.storyboard;
			sourceTree = "<group>";
		};
/* End PBXVariantGroup section */

/* Begin XCBuildConfiguration section */
		93B68978261047E200296C6B /* Debug */ = {
			isa = XCBuildConfiguration;
			buildSettings = {
				ALWAYS_SEARCH_USER_PATHS = NO;
				CLANG_ANALYZER_NONNULL = YES;
				CLANG_ANALYZER_NUMBER_OBJECT_CONVERSION = YES_AGGRESSIVE;
				CLANG_CXX_LANGUAGE_STANDARD = "gnu++14";
				CLANG_CXX_LIBRARY = "libc++";
				CLANG_ENABLE_MODULES = YES;
				CLANG_ENABLE_OBJC_ARC = YES;
				CLANG_ENABLE_OBJC_WEAK = YES;
				CLANG_WARN_BLOCK_CAPTURE_AUTORELEASING = YES;
				CLANG_WARN_BOOL_CONVERSION = YES;
				CLANG_WARN_COMMA = YES;
				CLANG_WARN_CONSTANT_CONVERSION = YES;
				CLANG_WARN_DEPRECATED_OBJC_IMPLEMENTATIONS = YES;
				CLANG_WARN_DIRECT_OBJC_ISA_USAGE = YES_ERROR;
				CLANG_WARN_DOCUMENTATION_COMMENTS = YES;
				CLANG_WARN_EMPTY_BODY = YES;
				CLANG_WARN_ENUM_CONVERSION = YES;
				CLANG_WARN_INFINITE_RECURSION = YES;
				CLANG_WARN_INT_CONVERSION = YES;
				CLANG_WARN_NON_LITERAL_NULL_CONVERSION = YES;
				CLANG_WARN_OBJC_IMPLICIT_RETAIN_SELF = YES;
				CLANG_WARN_OBJC_LITERAL_CONVERSION = YES;
				CLANG_WARN_OBJC_ROOT_CLASS = YES_ERROR;
				CLANG_WARN_RANGE_LOOP_ANALYSIS = YES;
				CLANG_WARN_STRICT_PROTOTYPES = YES;
				CLANG_WARN_SUSPICIOUS_MOVE = YES;
				CLANG_WARN_UNGUARDED_AVAILABILITY = YES_AGGRESSIVE;
				CLANG_WARN_UNREACHABLE_CODE = YES;
				CLANG_WARN__DUPLICATE_METHOD_MATCH = YES;
				CODE_SIGN_IDENTITY = "iPhone Developer";
				COPY_PHASE_STRIP = NO;
				DEBUG_INFORMATION_FORMAT = dwarf;
				ENABLE_STRICT_OBJC_MSGSEND = YES;
				ENABLE_TESTABILITY = YES;
				GCC_C_LANGUAGE_STANDARD = gnu11;
				GCC_DYNAMIC_NO_PIC = NO;
				GCC_NO_COMMON_BLOCKS = YES;
				GCC_OPTIMIZATION_LEVEL = 0;
				GCC_PREPROCESSOR_DEFINITIONS = (
					"DEBUG=1",
					"$(inherited)",
				);
				GCC_WARN_64_TO_32_BIT_CONVERSION = YES;
				GCC_WARN_ABOUT_RETURN_TYPE = YES_ERROR;
				GCC_WARN_UNDECLARED_SELECTOR = YES;
				GCC_WARN_UNINITIALIZED_AUTOS = YES_AGGRESSIVE;
				GCC_WARN_UNUSED_FUNCTION = YES;
				GCC_WARN_UNUSED_VARIABLE = YES;
				IPHONEOS_DEPLOYMENT_TARGET = 12.1;
				MTL_ENABLE_DEBUG_INFO = INCLUDE_SOURCE;
				MTL_FAST_MATH = YES;
				ONLY_ACTIVE_ARCH = YES;
				SDKROOT = iphoneos;
				SWIFT_ACTIVE_COMPILATION_CONDITIONS = DEBUG;
				SWIFT_OPTIMIZATION_LEVEL = "-Onone";
			};
			name = Debug;
		};
		93B68979261047E200296C6B /* Release */ = {
			isa = XCBuildConfiguration;
			buildSettings = {
				ALWAYS_SEARCH_USER_PATHS = NO;
				CLANG_ANALYZER_NONNULL = YES;
				CLANG_ANALYZER_NUMBER_OBJECT_CONVERSION = YES_AGGRESSIVE;
				CLANG_CXX_LANGUAGE_STANDARD = "gnu++14";
				CLANG_CXX_LIBRARY = "libc++";
				CLANG_ENABLE_MODULES = YES;
				CLANG_ENABLE_OBJC_ARC = YES;
				CLANG_ENABLE_OBJC_WEAK = YES;
				CLANG_WARN_BLOCK_CAPTURE_AUTORELEASING = YES;
				CLANG_WARN_BOOL_CONVERSION = YES;
				CLANG_WARN_COMMA = YES;
				CLANG_WARN_CONSTANT_CONVERSION = YES;
				CLANG_WARN_DEPRECATED_OBJC_IMPLEMENTATIONS = YES;
				CLANG_WARN_DIRECT_OBJC_ISA_USAGE = YES_ERROR;
				CLANG_WARN_DOCUMENTATION_COMMENTS = YES;
				CLANG_WARN_EMPTY_BODY = YES;
				CLANG_WARN_ENUM_CONVERSION = YES;
				CLANG_WARN_INFINITE_RECURSION = YES;
				CLANG_WARN_INT_CONVERSION = YES;
				CLANG_WARN_NON_LITERAL_NULL_CONVERSION = YES;
				CLANG_WARN_OBJC_IMPLICIT_RETAIN_SELF = YES;
				CLANG_WARN_OBJC_LITERAL_CONVERSION = YES;
				CLANG_WARN_OBJC_ROOT_CLASS = YES_ERROR;
				CLANG_WARN_RANGE_LOOP_ANALYSIS = YES;
				CLANG_WARN_STRICT_PROTOTYPES = YES;
				CLANG_WARN_SUSPICIOUS_MOVE = YES;
				CLANG_WARN_UNGUARDED_AVAILABILITY = YES_AGGRESSIVE;
				CLANG_WARN_UNREACHABLE_CODE = YES;
				CLANG_WARN__DUPLICATE_METHOD_MATCH = YES;
				CODE_SIGN_IDENTITY = "iPhone Developer";
				COPY_PHASE_STRIP = NO;
				DEBUG_INFORMATION_FORMAT = "dwarf-with-dsym";
				ENABLE_NS_ASSERTIONS = NO;
				ENABLE_STRICT_OBJC_MSGSEND = YES;
				GCC_C_LANGUAGE_STANDARD = gnu11;
				GCC_NO_COMMON_BLOCKS = YES;
				GCC_WARN_64_TO_32_BIT_CONVERSION = YES;
				GCC_WARN_ABOUT_RETURN_TYPE = YES_ERROR;
				GCC_WARN_UNDECLARED_SELECTOR = YES;
				GCC_WARN_UNINITIALIZED_AUTOS = YES_AGGRESSIVE;
				GCC_WARN_UNUSED_FUNCTION = YES;
				GCC_WARN_UNUSED_VARIABLE = YES;
				IPHONEOS_DEPLOYMENT_TARGET = 12.1;
				MTL_ENABLE_DEBUG_INFO = NO;
				MTL_FAST_MATH = YES;
				SDKROOT = iphoneos;
				SWIFT_COMPILATION_MODE = wholemodule;
				SWIFT_OPTIMIZATION_LEVEL = "-O";
				VALIDATE_PRODUCT = YES;
			};
			name = Release;
		};
		93B6897B261047E200296C6B /* Debug */ = {
			isa = XCBuildConfiguration;
			baseConfigurationReference = 25A872ACE7C36FF810DC5CCB /* Pods-AppFilmes.debug.xcconfig */;
			buildSettings = {
				ASSETCATALOG_COMPILER_APPICON_NAME = AppIcon;
				CODE_SIGN_STYLE = Automatic;
				INFOPLIST_FILE = AppFilmes/Info.plist;
				LD_RUNPATH_SEARCH_PATHS = (
					"$(inherited)",
					"@executable_path/Frameworks",
				);
				PRODUCT_BUNDLE_IDENTIFIER = br.com.AppFilmes;
				PRODUCT_NAME = "$(TARGET_NAME)";
				SWIFT_VERSION = 4.2;
				TARGETED_DEVICE_FAMILY = "1,2";
			};
			name = Debug;
		};
		93B6897C261047E200296C6B /* Release */ = {
			isa = XCBuildConfiguration;
			baseConfigurationReference = 2943E1B1BE7E95E8406A49F3 /* Pods-AppFilmes.release.xcconfig */;
			buildSettings = {
				ASSETCATALOG_COMPILER_APPICON_NAME = AppIcon;
				CODE_SIGN_STYLE = Automatic;
				INFOPLIST_FILE = AppFilmes/Info.plist;
				LD_RUNPATH_SEARCH_PATHS = (
					"$(inherited)",
					"@executable_path/Frameworks",
				);
				PRODUCT_BUNDLE_IDENTIFIER = br.com.AppFilmes;
				PRODUCT_NAME = "$(TARGET_NAME)";
				SWIFT_VERSION = 4.2;
				TARGETED_DEVICE_FAMILY = "1,2";
			};
			name = Release;
		};
		93B6897E261047E200296C6B /* Debug */ = {
			isa = XCBuildConfiguration;
			baseConfigurationReference = AD27855EAE060ED4B89D8C90 /* Pods-AppFilmesTests.debug.xcconfig */;
			buildSettings = {
				ALWAYS_EMBED_SWIFT_STANDARD_LIBRARIES = YES;
				BUNDLE_LOADER = "$(TEST_HOST)";
				CODE_SIGN_STYLE = Automatic;
				INFOPLIST_FILE = AppFilmesTests/Info.plist;
				LD_RUNPATH_SEARCH_PATHS = (
					"$(inherited)",
					"@executable_path/Frameworks",
					"@loader_path/Frameworks",
				);
				PRODUCT_BUNDLE_IDENTIFIER = br.com.AppFilmesTests;
				PRODUCT_NAME = "$(TARGET_NAME)";
				SWIFT_VERSION = 4.2;
				TARGETED_DEVICE_FAMILY = "1,2";
				TEST_HOST = "$(BUILT_PRODUCTS_DIR)/AppFilmes.app/AppFilmes";
			};
			name = Debug;
		};
		93B6897F261047E200296C6B /* Release */ = {
			isa = XCBuildConfiguration;
			baseConfigurationReference = 8D4251B3CB5131782410AE80 /* Pods-AppFilmesTests.release.xcconfig */;
			buildSettings = {
				ALWAYS_EMBED_SWIFT_STANDARD_LIBRARIES = YES;
				BUNDLE_LOADER = "$(TEST_HOST)";
				CODE_SIGN_STYLE = Automatic;
				INFOPLIST_FILE = AppFilmesTests/Info.plist;
				LD_RUNPATH_SEARCH_PATHS = (
					"$(inherited)",
					"@executable_path/Frameworks",
					"@loader_path/Frameworks",
				);
				PRODUCT_BUNDLE_IDENTIFIER = br.com.AppFilmesTests;
				PRODUCT_NAME = "$(TARGET_NAME)";
				SWIFT_VERSION = 4.2;
				TARGETED_DEVICE_FAMILY = "1,2";
				TEST_HOST = "$(BUILT_PRODUCTS_DIR)/AppFilmes.app/AppFilmes";
			};
			name = Release;
		};
		93B68981261047E200296C6B /* Debug */ = {
			isa = XCBuildConfiguration;
			baseConfigurationReference = D935700C737CBF6F3AA28E80 /* Pods-AppFilmes-AppFilmesUITests.debug.xcconfig */;
			buildSettings = {
				ALWAYS_EMBED_SWIFT_STANDARD_LIBRARIES = YES;
				CODE_SIGN_STYLE = Automatic;
				INFOPLIST_FILE = AppFilmesUITests/Info.plist;
				LD_RUNPATH_SEARCH_PATHS = (
					"$(inherited)",
					"@executable_path/Frameworks",
					"@loader_path/Frameworks",
				);
				PRODUCT_BUNDLE_IDENTIFIER = br.com.AppFilmesUITests;
				PRODUCT_NAME = "$(TARGET_NAME)";
				SWIFT_VERSION = 4.2;
				TARGETED_DEVICE_FAMILY = "1,2";
				TEST_TARGET_NAME = AppFilmes;
			};
			name = Debug;
		};
		93B68982261047E200296C6B /* Release */ = {
			isa = XCBuildConfiguration;
			baseConfigurationReference = 0E9A90A511A7A87EFF2C5744 /* Pods-AppFilmes-AppFilmesUITests.release.xcconfig */;
			buildSettings = {
				ALWAYS_EMBED_SWIFT_STANDARD_LIBRARIES = YES;
				CODE_SIGN_STYLE = Automatic;
				INFOPLIST_FILE = AppFilmesUITests/Info.plist;
				LD_RUNPATH_SEARCH_PATHS = (
					"$(inherited)",
					"@executable_path/Frameworks",
					"@loader_path/Frameworks",
				);
				PRODUCT_BUNDLE_IDENTIFIER = br.com.AppFilmesUITests;
				PRODUCT_NAME = "$(TARGET_NAME)";
				SWIFT_VERSION = 4.2;
				TARGETED_DEVICE_FAMILY = "1,2";
				TEST_TARGET_NAME = AppFilmes;
			};
			name = Release;
		};
/* End XCBuildConfiguration section */

/* Begin XCConfigurationList section */
		93B6894A261047DE00296C6B /* Build configuration list for PBXProject "AppFilmes" */ = {
			isa = XCConfigurationList;
			buildConfigurations = (
				93B68978261047E200296C6B /* Debug */,
				93B68979261047E200296C6B /* Release */,
			);
			defaultConfigurationIsVisible = 0;
			defaultConfigurationName = Release;
		};
		93B6897A261047E200296C6B /* Build configuration list for PBXNativeTarget "AppFilmes" */ = {
			isa = XCConfigurationList;
			buildConfigurations = (
				93B6897B261047E200296C6B /* Debug */,
				93B6897C261047E200296C6B /* Release */,
			);
			defaultConfigurationIsVisible = 0;
			defaultConfigurationName = Release;
		};
		93B6897D261047E200296C6B /* Build configuration list for PBXNativeTarget "AppFilmesTests" */ = {
			isa = XCConfigurationList;
			buildConfigurations = (
				93B6897E261047E200296C6B /* Debug */,
				93B6897F261047E200296C6B /* Release */,
			);
			defaultConfigurationIsVisible = 0;
			defaultConfigurationName = Release;
		};
		93B68980261047E200296C6B /* Build configuration list for PBXNativeTarget "AppFilmesUITests" */ = {
			isa = XCConfigurationList;
			buildConfigurations = (
				93B68981261047E200296C6B /* Debug */,
				93B68982261047E200296C6B /* Release */,
			);
			defaultConfigurationIsVisible = 0;
			defaultConfigurationName = Release;
		};
/* End XCConfigurationList section */

/* Begin XCVersionGroup section */
		93B68959261047DE00296C6B /* AppFilmes.xcdatamodeld */ = {
			isa = XCVersionGroup;
			children = (
				93B6895A261047DE00296C6B /* AppFilmes.xcdatamodel */,
			);
			currentVersion = 93B6895A261047DE00296C6B /* AppFilmes.xcdatamodel */;
			path = AppFilmes.xcdatamodeld;
			sourceTree = "<group>";
			versionGroupType = wrapper.xcdatamodel;
		};
/* End XCVersionGroup section */
	};
	rootObject = 93B68947261047DE00296C6B /* Project object */;
}
